// !$*UTF8*$!
{
	archiveVersion = 1;
	classes = {
	};
	objectVersion = 46;
	objects = {

/* Begin PBXBuildFile section */
		28596ED51B2903F400AF0CC9 /* main.m in Sources */ = {isa = PBXBuildFile; fileRef = 28596ED41B2903F400AF0CC9 /* main.m */; };
		28596EDD1B29041900AF0CC9 /* Person.m in Sources */ = {isa = PBXBuildFile; fileRef = 28596EDC1B29041900AF0CC9 /* Person.m */; };
/* End PBXBuildFile section */

/* Begin PBXCopyFilesBuildPhase section */
		28596ECF1B2903F400AF0CC9 /* CopyFiles */ = {
			isa = PBXCopyFilesBuildPhase;
			buildActionMask = 2147483647;
			dstPath = /usr/share/man/man1/;
			dstSubfolderSpec = 0;
			files = (
			);
			runOnlyForDeploymentPostprocessing = 1;
		};
/* End PBXCopyFilesBuildPhase section */

/* Begin PBXFileReference section */
		28596ED11B2903F400AF0CC9 /* Block的妙用 */ = {isa = PBXFileReference; explicitFileType = "compiled.mach-o.executable"; includeInIndex = 0; path = "Block的妙用"; sourceTree = BUILT_PRODUCTS_DIR; };
		28596ED41B2903F400AF0CC9 /* main.m */ = {isa = PBXFileReference; lastKnownFileType = sourcecode.c.objc; path = main.m; sourceTree = "<group>"; };
		28596EDB1B29041900AF0CC9 /* Person.h */ = {isa = PBXFileReference; fileEncoding = 4; lastKnownFileType = sourcecode.c.h; path = Person.h; sourceTree = "<group>"; };
		28596EDC1B29041900AF0CC9 /* Person.m */ = {isa = PBXFileReference; fileEncoding = 4; lastKnownFileType = sourcecode.c.objc; path = Person.m; sourceTree = "<group>"; };
/* End PBXFileReference section */

/* Begin PBXFrameworksBuildPhase section */
		28596ECE1B2903F400AF0CC9 /* Frameworks */ = {
			isa = PBXFrameworksBuildPhase;
			buildActionMask = 2147483647;
			files = (
			);
			runOnlyForDeploymentPostprocessing = 0;
		};
/* End PBXFrameworksBuildPhase section */

/* Begin PBXGroup section */
		28596EC81B2903F400AF0CC9 = {
			isa = PBXGroup;
			children = (
				28596ED31B2903F400AF0CC9 /* Block的妙用 */,
				28596ED21B2903F400AF0CC9 /* Products */,
			);
			sourceTree = "<group>";
		};
		28596ED21B2903F400AF0CC9 /* Products */ = {
			isa = PBXGroup;
			children = (
				28596ED11B2903F400AF0CC9 /* Block的妙用 */,
			);
			name = Products;
			sourceTree = "<group>";
		};
		28596ED31B2903F400AF0CC9 /* Block的妙用 */ = {
			isa = PBXGroup;
			children = (
				28596ED41B2903F400AF0CC9 /* main.m */,
				28596EDB1B29041900AF0CC9 /* Person.h */,
				28596EDC1B29041900AF0CC9 /* Person.m */,
			);
			path = "Block的妙用";
			sourceTree = "<group>";
		};
/* End PBXGroup section */

/* Begin PBXNativeTarget section */
		28596ED01B2903F400AF0CC9 /* Block的妙用 */ = {
			isa = PBXNativeTarget;
			buildConfigurationList = 28596ED81B2903F400AF0CC9 /* Build configuration list for PBXNativeTarget "Block的妙用" */;
			buildPhases = (
				28596ECD1B2903F400AF0CC9 /* Sources */,
				28596ECE1B2903F400AF0CC9 /* Frameworks */,
				28596ECF1B2903F400AF0CC9 /* CopyFiles */,
			);
			buildRules = (
			);
			dependencies = (
			);
			name = "Block的妙用";
			productName = "Block的妙用";
			productReference = 28596ED11B2903F400AF0CC9 /* Block的妙用 */;
			productType = "com.apple.product-type.tool";
		};
/* End PBXNativeTarget section */

/* Begin PBXProject section */
		28596EC91B2903F400AF0CC9 /* Project object */ = {
			isa = PBXProject;
			attributes = {
				LastUpgradeCheck = 0630;
				ORGANIZATIONNAME = Van;
				TargetAttributes = {
					28596ED01B2903F400AF0CC9 = {
						CreatedOnToolsVersion = 6.3.2;
					};
				};
			};
			buildConfigurationList = 28596ECC1B2903F400AF0CC9 /* Build configuration list for PBXProject "Block的妙用" */;
			compatibilityVersion = "Xcode 3.2";
			developmentRegion = English;
			hasScannedForEncodings = 0;
			knownRegions = (
				en,
			);
			mainGroup = 28596EC81B2903F400AF0CC9;
			productRefGroup = 28596ED21B2903F400AF0CC9 /* Products */;
			projectDirPath = "";
			projectRoot = "";
			targets = (
				28596ED01B2903F400AF0CC9 /* Block的妙用 */,
			);
		};
/* End PBXProject section */

/* Begin PBXSourcesBuildPhase section */
		28596ECD1B2903F400AF0CC9 /* Sources */ = {
			isa = PBXSourcesBuildPhase;
			buildActionMask = 2147483647;
			files = (
				28596EDD1B29041900AF0CC9 /* Person.m in Sources */,
				28596ED51B2903F400AF0CC9 /* main.m in Sources */,
			);
			runOnlyForDeploymentPostprocessing = 0;
		};
/* End PBXSourcesBuildPhase section */

/* Begin XCBuildConfiguration section */
		28596ED61B2903F400AF0CC9 /* Debug */ = {
			isa = XCBuildConfiguration;
			buildSettings = {
				ALWAYS_SEARCH_USER_PATHS = NO;
				CLANG_CXX_LANGUAGE_STANDARD = "gnu++0x";
				CLANG_CXX_LIBRARY = "libc++";
				CLANG_ENABLE_MODULES = YES;
				CLANG_ENABLE_OBJC_ARC = YES;
				CLANG_WARN_BOOL_CONVERSION = YES;
				CLANG_WARN_CONSTANT_CONVERSION = YES;
				CLANG_WARN_DIRECT_OBJC_ISA_USAGE = YES_ERROR;
				CLANG_WARN_EMPTY_BODY = YES;
				CLANG_WARN_ENUM_CONVERSION = YES;
				CLANG_WARN_INT_CONVERSION = YES;
				CLANG_WARN_OBJC_ROOT_CLASS = YES_ERROR;
				CLANG_WARN_UNREACHABLE_CODE = YES;
				CLANG_WARN__DUPLICATE_METHOD_MATCH = YES;
				COPY_PHASE_STRIP = NO;
				DEBUG_INFORMATION_FORMAT = dwarf;
				ENABLE_STRICT_OBJC_MSGSEND = YES;
				GCC_C_LANGUAGE_STANDARD = gnu99;
				GCC_DYNAMIC_NO_PIC = NO;
				GCC_NO_COMMON_BLOCKS = YES;
				GCC_OPTIMIZATION_LEVEL = 0;
				GCC_PREPROCESSOR_DEFINITIONS = (
					"DEBUG=1",
					"$(inherited)",
				);
				GCC_SYMBOLS_PRIVATE_EXTERN = NO;
				GCC_WARN_64_TO_32_BIT_CONVERSION = YES;
				GCC_WARN_ABOUT_RETURN_TYPE = YES_ERROR;
				GCC_WARN_UNDECLARED_SELECTOR = YES;
				GCC_WARN_UNINITIALIZED_AUTOS = YES_AGGRESSIVE;
				GCC_WARN_UNUSED_FUNCTION = YES;
				GCC_WARN_UNUSED_VARIABLE = YES;
				MACOSX_DEPLOYMENT_TARGET = 10.10;
				MTL_ENABLE_DEBUG_INFO = YES;
				ONLY_ACTIVE_ARCH = YES;
				SDKROOT = macosx;
			};
			name = Debug;
		};
		28596ED71B2903F400AF0CC9 /* Release */ = {
			isa = XCBuildConfiguration;
			buildSettings = {
				ALWAYS_SEARCH_USER_PATHS = NO;
				CLANG_CXX_LANGUAGE_STANDARD = "gnu++0x";
				CLANG_CXX_LIBRARY = "libc++";
				CLANG_ENABLE_MODULES = YES;
				CLANG_ENABLE_OBJC_ARC = YES;
				CLANG_WARN_BOOL_CONVERSION = YES;
				CLANG_WARN_CONSTANT_CONVERSION = YES;
				CLANG_WARN_DIRECT_OBJC_ISA_USAGE = YES_ERROR;
				CLANG_WARN_EMPTY_BODY = YES;
				CLANG_WARN_ENUM_CONVERSION = YES;
				CLANG_WARN_INT_CONVERSION = YES;
				CLANG_WARN_OBJC_ROOT_CLASS = YES_ERROR;
				CLANG_WARN_UNREACHABLE_CODE = YES;
				CLANG_WARN__DUPLICATE_METHOD_MATCH = YES;
				COPY_PHASE_STRIP = NO;
				DEBUG_INFORMATION_FORMAT = "dwarf-with-dsym";
				ENABLE_NS_ASSERTIONS = NO;
				ENABLE_STRICT_OBJC_MSGSEND = YES;
				GCC_C_LANGUAGE_STANDARD = gnu99;
				GCC_NO_COMMON_BLOCKS = YES;
				GCC_WARN_64_TO_32_BIT_CONVERSION = YES;
				GCC_WARN_ABOUT_RETURN_TYPE = YES_ERROR;
				GCC_WARN_UNDECLARED_SELECTOR = YES;
				GCC_WARN_UNINITIALIZED_AUTOS = YES_AGGRESSIVE;
				GCC_WARN_UNUSED_FUNCTION = YES;
				GCC_WARN_UNUSED_VARIABLE = YES;
				MACOSX_DEPLOYMENT_TARGET = 10.10;
				MTL_ENABLE_DEBUG_INFO = NO;
				SDKROOT = macosx;
			};
			name = Release;
		};
		28596ED91B2903F400AF0CC9 /* Debug */ = {
			isa = XCBuildConfiguration;
			buildSettings = {
				PRODUCT_NAME = "$(TARGET_NAME)";
			};
			name = Debug;
		};
		28596EDA1B2903F400AF0CC9 /* Release */ = {
			isa = XCBuildConfiguration;
			buildSettings = {
				PRODUCT_NAME = "$(TARGET_NAME)";
			};
			name = Release;
		};
/* End XCBuildConfiguration section */

/* Begin XCConfigurationList section */
		28596ECC1B2903F400AF0CC9 /* Build configuration list for PBXProject "Block的妙用" */ = {
			isa = XCConfigurationList;
			buildConfigurations = (
				28596ED61B2903F400AF0CC9 /* Debug */,
				28596ED71B2903F400AF0CC9 /* Release */,
			);
			defaultConfigurationIsVisible = 0;
			defaultConfigurationName = Release;
		};
		28596ED81B2903F400AF0CC9 /* Build configuration list for PBXNativeTarget "Block的妙用" */ = {
			isa = XCConfigurationList;
			buildConfigurations = (
				28596ED91B2903F400AF0CC9 /* Debug */,
				28596EDA1B2903F400AF0CC9 /* Release */,
			);
			defaultConfigurationIsVisible = 0;
		};
/* End XCConfigurationList section */
	};
	rootObject = 28596EC91B2903F400AF0CC9 /* Project object */;
}
