// !$*UTF8*$!
{
	archiveVersion = 1;
	classes = {
	};
	objectVersion = 46;
	objects = {

/* Begin PBXBuildFile section */
		284395F21B2B0B1200B7EED8 /* main.m in Sources */ = {isa = PBXBuildFile; fileRef = 284395F11B2B0B1200B7EED8 /* main.m */; };
		284395F51B2B0B1200B7EED8 /* AppDelegate.m in Sources */ = {isa = PBXBuildFile; fileRef = 284395F41B2B0B1200B7EED8 /* AppDelegate.m */; };
		284395F81B2B0B1200B7EED8 /* ViewController.m in Sources */ = {isa = PBXBuildFile; fileRef = 284395F71B2B0B1200B7EED8 /* ViewController.m */; };
		284395FB1B2B0B1200B7EED8 /* Main.storyboard in Resources */ = {isa = PBXBuildFile; fileRef = 284395F91B2B0B1200B7EED8 /* Main.storyboard */; };
		284395FD1B2B0B1200B7EED8 /* Images.xcassets in Resources */ = {isa = PBXBuildFile; fileRef = 284395FC1B2B0B1200B7EED8 /* Images.xcassets */; };
		284396001B2B0B1200B7EED8 /* LaunchScreen.xib in Resources */ = {isa = PBXBuildFile; fileRef = 284395FE1B2B0B1200B7EED8 /* LaunchScreen.xib */; };
		2843960C1B2B0B1200B7EED8 /* CoreBluetoothTests.m in Sources */ = {isa = PBXBuildFile; fileRef = 2843960B1B2B0B1200B7EED8 /* CoreBluetoothTests.m */; };
/* End PBXBuildFile section */

/* Begin PBXContainerItemProxy section */
		284396061B2B0B1200B7EED8 /* PBXContainerItemProxy */ = {
			isa = PBXContainerItemProxy;
			containerPortal = 284395E41B2B0B1200B7EED8 /* Project object */;
			proxyType = 1;
			remoteGlobalIDString = 284395EB1B2B0B1200B7EED8;
			remoteInfo = CoreBluetooth;
		};
/* End PBXContainerItemProxy section */

/* Begin PBXFileReference section */
		284395EC1B2B0B1200B7EED8 /* CoreBluetooth.app */ = {isa = PBXFileReference; explicitFileType = wrapper.application; includeInIndex = 0; path = CoreBluetooth.app; sourceTree = BUILT_PRODUCTS_DIR; };
		284395F01B2B0B1200B7EED8 /* Info.plist */ = {isa = PBXFileReference; lastKnownFileType = text.plist.xml; path = Info.plist; sourceTree = "<group>"; };
		284395F11B2B0B1200B7EED8 /* main.m */ = {isa = PBXFileReference; lastKnownFileType = sourcecode.c.objc; path = main.m; sourceTree = "<group>"; };
		284395F31B2B0B1200B7EED8 /* AppDelegate.h */ = {isa = PBXFileReference; lastKnownFileType = sourcecode.c.h; path = AppDelegate.h; sourceTree = "<group>"; };
		284395F41B2B0B1200B7EED8 /* AppDelegate.m */ = {isa = PBXFileReference; lastKnownFileType = sourcecode.c.objc; path = AppDelegate.m; sourceTree = "<group>"; };
		284395F61B2B0B1200B7EED8 /* ViewController.h */ = {isa = PBXFileReference; lastKnownFileType = sourcecode.c.h; path = ViewController.h; sourceTree = "<group>"; };
		284395F71B2B0B1200B7EED8 /* ViewController.m */ = {isa = PBXFileReference; lastKnownFileType = sourcecode.c.objc; path = ViewController.m; sourceTree = "<group>"; };
		284395FA1B2B0B1200B7EED8 /* Base */ = {isa = PBXFileReference; lastKnownFileType = file.storyboard; name = Base; path = Base.lproj/Main.storyboard; sourceTree = "<group>"; };
		284395FC1B2B0B1200B7EED8 /* Images.xcassets */ = {isa = PBXFileReference; lastKnownFileType = folder.assetcatalog; path = Images.xcassets; sourceTree = "<group>"; };
		284395FF1B2B0B1200B7EED8 /* Base */ = {isa = PBXFileReference; lastKnownFileType = file.xib; name = Base; path = Base.lproj/LaunchScreen.xib; sourceTree = "<group>"; };
		284396051B2B0B1200B7EED8 /* CoreBluetoothTests.xctest */ = {isa = PBXFileReference; explicitFileType = wrapper.cfbundle; includeInIndex = 0; path = CoreBluetoothTests.xctest; sourceTree = BUILT_PRODUCTS_DIR; };
		2843960A1B2B0B1200B7EED8 /* Info.plist */ = {isa = PBXFileReference; lastKnownFileType = text.plist.xml; path = Info.plist; sourceTree = "<group>"; };
		2843960B1B2B0B1200B7EED8 /* CoreBluetoothTests.m */ = {isa = PBXFileReference; lastKnownFileType = sourcecode.c.objc; path = CoreBluetoothTests.m; sourceTree = "<group>"; };
/* End PBXFileReference section */

/* Begin PBXFrameworksBuildPhase section */
		284395E91B2B0B1200B7EED8 /* Frameworks */ = {
			isa = PBXFrameworksBuildPhase;
			buildActionMask = 2147483647;
			files = (
			);
			runOnlyForDeploymentPostprocessing = 0;
		};
		284396021B2B0B1200B7EED8 /* Frameworks */ = {
			isa = PBXFrameworksBuildPhase;
			buildActionMask = 2147483647;
			files = (
			);
			runOnlyForDeploymentPostprocessing = 0;
		};
/* End PBXFrameworksBuildPhase section */

/* Begin PBXGroup section */
		284395E31B2B0B1200B7EED8 = {
			isa = PBXGroup;
			children = (
				284395EE1B2B0B1200B7EED8 /* CoreBluetooth */,
				284396081B2B0B1200B7EED8 /* CoreBluetoothTests */,
				284395ED1B2B0B1200B7EED8 /* Products */,
			);
			sourceTree = "<group>";
		};
		284395ED1B2B0B1200B7EED8 /* Products */ = {
			isa = PBXGroup;
			children = (
				284395EC1B2B0B1200B7EED8 /* CoreBluetooth.app */,
				284396051B2B0B1200B7EED8 /* CoreBluetoothTests.xctest */,
			);
			name = Products;
			sourceTree = "<group>";
		};
		284395EE1B2B0B1200B7EED8 /* CoreBluetooth */ = {
			isa = PBXGroup;
			children = (
				284395F31B2B0B1200B7EED8 /* AppDelegate.h */,
				284395F41B2B0B1200B7EED8 /* AppDelegate.m */,
				284395F61B2B0B1200B7EED8 /* ViewController.h */,
				284395F71B2B0B1200B7EED8 /* ViewController.m */,
				284395F91B2B0B1200B7EED8 /* Main.storyboard */,
				284395FC1B2B0B1200B7EED8 /* Images.xcassets */,
				284395FE1B2B0B1200B7EED8 /* LaunchScreen.xib */,
				284395EF1B2B0B1200B7EED8 /* Supporting Files */,
			);
			path = CoreBluetooth;
			sourceTree = "<group>";
		};
		284395EF1B2B0B1200B7EED8 /* Supporting Files */ = {
			isa = PBXGroup;
			children = (
				284395F01B2B0B1200B7EED8 /* Info.plist */,
				284395F11B2B0B1200B7EED8 /* main.m */,
			);
			name = "Supporting Files";
			sourceTree = "<group>";
		};
		284396081B2B0B1200B7EED8 /* CoreBluetoothTests */ = {
			isa = PBXGroup;
			children = (
				2843960B1B2B0B1200B7EED8 /* CoreBluetoothTests.m */,
				284396091B2B0B1200B7EED8 /* Supporting Files */,
			);
			path = CoreBluetoothTests;
			sourceTree = "<group>";
		};
		284396091B2B0B1200B7EED8 /* Supporting Files */ = {
			isa = PBXGroup;
			children = (
				2843960A1B2B0B1200B7EED8 /* Info.plist */,
			);
			name = "Supporting Files";
			sourceTree = "<group>";
		};
/* End PBXGroup section */

/* Begin PBXNativeTarget section */
		284395EB1B2B0B1200B7EED8 /* CoreBluetooth */ = {
			isa = PBXNativeTarget;
			buildConfigurationList = 2843960F1B2B0B1200B7EED8 /* Build configuration list for PBXNativeTarget "CoreBluetooth" */;
			buildPhases = (
				284395E81B2B0B1200B7EED8 /* Sources */,
				284395E91B2B0B1200B7EED8 /* Frameworks */,
				284395EA1B2B0B1200B7EED8 /* Resources */,
			);
			buildRules = (
			);
			dependencies = (
			);
			name = CoreBluetooth;
			productName = CoreBluetooth;
			productReference = 284395EC1B2B0B1200B7EED8 /* CoreBluetooth.app */;
			productType = "com.apple.product-type.application";
		};
		284396041B2B0B1200B7EED8 /* CoreBluetoothTests */ = {
			isa = PBXNativeTarget;
			buildConfigurationList = 284396121B2B0B1200B7EED8 /* Build configuration list for PBXNativeTarget "CoreBluetoothTests" */;
			buildPhases = (
				284396011B2B0B1200B7EED8 /* Sources */,
				284396021B2B0B1200B7EED8 /* Frameworks */,
				284396031B2B0B1200B7EED8 /* Resources */,
			);
			buildRules = (
			);
			dependencies = (
				284396071B2B0B1200B7EED8 /* PBXTargetDependency */,
			);
			name = CoreBluetoothTests;
			productName = CoreBluetoothTests;
			productReference = 284396051B2B0B1200B7EED8 /* CoreBluetoothTests.xctest */;
			productType = "com.apple.product-type.bundle.unit-test";
		};
/* End PBXNativeTarget section */

/* Begin PBXProject section */
		284395E41B2B0B1200B7EED8 /* Project object */ = {
			isa = PBXProject;
			attributes = {
				LastUpgradeCheck = 0630;
				ORGANIZATIONNAME = Van;
				TargetAttributes = {
					284395EB1B2B0B1200B7EED8 = {
						CreatedOnToolsVersion = 6.3.2;
					};
					284396041B2B0B1200B7EED8 = {
						CreatedOnToolsVersion = 6.3.2;
						TestTargetID = 284395EB1B2B0B1200B7EED8;
					};
				};
			};
			buildConfigurationList = 284395E71B2B0B1200B7EED8 /* Build configuration list for PBXProject "CoreBluetooth" */;
			compatibilityVersion = "Xcode 3.2";
			developmentRegion = English;
			hasScannedForEncodings = 0;
			knownRegions = (
				en,
				Base,
			);
			mainGroup = 284395E31B2B0B1200B7EED8;
			productRefGroup = 284395ED1B2B0B1200B7EED8 /* Products */;
			projectDirPath = "";
			projectRoot = "";
			targets = (
				284395EB1B2B0B1200B7EED8 /* CoreBluetooth */,
				284396041B2B0B1200B7EED8 /* CoreBluetoothTests */,
			);
		};
/* End PBXProject section */

/* Begin PBXResourcesBuildPhase section */
		284395EA1B2B0B1200B7EED8 /* Resources */ = {
			isa = PBXResourcesBuildPhase;
			buildActionMask = 2147483647;
			files = (
				284395FB1B2B0B1200B7EED8 /* Main.storyboard in Resources */,
				284396001B2B0B1200B7EED8 /* LaunchScreen.xib in Resources */,
				284395FD1B2B0B1200B7EED8 /* Images.xcassets in Resources */,
			);
			runOnlyForDeploymentPostprocessing = 0;
		};
		284396031B2B0B1200B7EED8 /* Resources */ = {
			isa = PBXResourcesBuildPhase;
			buildActionMask = 2147483647;
			files = (
			);
			runOnlyForDeploymentPostprocessing = 0;
		};
/* End PBXResourcesBuildPhase section */

/* Begin PBXSourcesBuildPhase section */
		284395E81B2B0B1200B7EED8 /* Sources */ = {
			isa = PBXSourcesBuildPhase;
			buildActionMask = 2147483647;
			files = (
				284395F81B2B0B1200B7EED8 /* ViewController.m in Sources */,
				284395F51B2B0B1200B7EED8 /* AppDelegate.m in Sources */,
				284395F21B2B0B1200B7EED8 /* main.m in Sources */,
			);
			runOnlyForDeploymentPostprocessing = 0;
		};
		284396011B2B0B1200B7EED8 /* Sources */ = {
			isa = PBXSourcesBuildPhase;
			buildActionMask = 2147483647;
			files = (
				2843960C1B2B0B1200B7EED8 /* CoreBluetoothTests.m in Sources */,
			);
			runOnlyForDeploymentPostprocessing = 0;
		};
/* End PBXSourcesBuildPhase section */

/* Begin PBXTargetDependency section */
		284396071B2B0B1200B7EED8 /* PBXTargetDependency */ = {
			isa = PBXTargetDependency;
			target = 284395EB1B2B0B1200B7EED8 /* CoreBluetooth */;
			targetProxy = 284396061B2B0B1200B7EED8 /* PBXContainerItemProxy */;
		};
/* End PBXTargetDependency section */

/* Begin PBXVariantGroup section */
		284395F91B2B0B1200B7EED8 /* Main.storyboard */ = {
			isa = PBXVariantGroup;
			children = (
				284395FA1B2B0B1200B7EED8 /* Base */,
			);
			name = Main.storyboard;
			sourceTree = "<group>";
		};
		284395FE1B2B0B1200B7EED8 /* LaunchScreen.xib */ = {
			isa = PBXVariantGroup;
			children = (
				284395FF1B2B0B1200B7EED8 /* Base */,
			);
			name = LaunchScreen.xib;
			sourceTree = "<group>";
		};
/* End PBXVariantGroup section */

/* Begin XCBuildConfiguration section */
		2843960D1B2B0B1200B7EED8 /* Debug */ = {
			isa = XCBuildConfiguration;
			buildSettings = {
				ALWAYS_SEARCH_USER_PATHS = NO;
				CLANG_CXX_LANGUAGE_STANDARD = "gnu++0x";
				CLANG_CXX_LIBRARY = "libc++";
				CLANG_ENABLE_MODULES = YES;
				CLANG_ENABLE_OBJC_ARC = YES;
				CLANG_WARN_BOOL_CONVERSION = YES;
				CLANG_WARN_CONSTANT_CONVERSION = YES;
				CLANG_WARN_DIRECT_OBJC_ISA_USAGE = YES_ERROR;
				CLANG_WARN_EMPTY_BODY = YES;
				CLANG_WARN_ENUM_CONVERSION = YES;
				CLANG_WARN_INT_CONVERSION = YES;
				CLANG_WARN_OBJC_ROOT_CLASS = YES_ERROR;
				CLANG_WARN_UNREACHABLE_CODE = YES;
				CLANG_WARN__DUPLICATE_METHOD_MATCH = YES;
				"CODE_SIGN_IDENTITY[sdk=iphoneos*]" = "iPhone Developer";
				COPY_PHASE_STRIP = NO;
				DEBUG_INFORMATION_FORMAT = "dwarf-with-dsym";
				ENABLE_STRICT_OBJC_MSGSEND = YES;
				GCC_C_LANGUAGE_STANDARD = gnu99;
				GCC_DYNAMIC_NO_PIC = NO;
				GCC_NO_COMMON_BLOCKS = YES;
				GCC_OPTIMIZATION_LEVEL = 0;
				GCC_PREPROCESSOR_DEFINITIONS = (
					"DEBUG=1",
					"$(inherited)",
				);
				GCC_SYMBOLS_PRIVATE_EXTERN = NO;
				GCC_WARN_64_TO_32_BIT_CONVERSION = YES;
				GCC_WARN_ABOUT_RETURN_TYPE = YES_ERROR;
				GCC_WARN_UNDECLARED_SELECTOR = YES;
				GCC_WARN_UNINITIALIZED_AUTOS = YES_AGGRESSIVE;
				GCC_WARN_UNUSED_FUNCTION = YES;
				GCC_WARN_UNUSED_VARIABLE = YES;
				IPHONEOS_DEPLOYMENT_TARGET = 8.3;
				MTL_ENABLE_DEBUG_INFO = YES;
				ONLY_ACTIVE_ARCH = YES;
				SDKROOT = iphoneos;
			};
			name = Debug;
		};
		2843960E1B2B0B1200B7EED8 /* Release */ = {
			isa = XCBuildConfiguration;
			buildSettings = {
				ALWAYS_SEARCH_USER_PATHS = NO;
				CLANG_CXX_LANGUAGE_STANDARD = "gnu++0x";
				CLANG_CXX_LIBRARY = "libc++";
				CLANG_ENABLE_MODULES = YES;
				CLANG_ENABLE_OBJC_ARC = YES;
				CLANG_WARN_BOOL_CONVERSION = YES;
				CLANG_WARN_CONSTANT_CONVERSION = YES;
				CLANG_WARN_DIRECT_OBJC_ISA_USAGE = YES_ERROR;
				CLANG_WARN_EMPTY_BODY = YES;
				CLANG_WARN_ENUM_CONVERSION = YES;
				CLANG_WARN_INT_CONVERSION = YES;
				CLANG_WARN_OBJC_ROOT_CLASS = YES_ERROR;
				CLANG_WARN_UNREACHABLE_CODE = YES;
				CLANG_WARN__DUPLICATE_METHOD_MATCH = YES;
				"CODE_SIGN_IDENTITY[sdk=iphoneos*]" = "iPhone Developer";
				COPY_PHASE_STRIP = NO;
				DEBUG_INFORMATION_FORMAT = "dwarf-with-dsym";
				ENABLE_NS_ASSERTIONS = NO;
				ENABLE_STRICT_OBJC_MSGSEND = YES;
				GCC_C_LANGUAGE_STANDARD = gnu99;
				GCC_NO_COMMON_BLOCKS = YES;
				GCC_WARN_64_TO_32_BIT_CONVERSION = YES;
				GCC_WARN_ABOUT_RETURN_TYPE = YES_ERROR;
				GCC_WARN_UNDECLARED_SELECTOR = YES;
				GCC_WARN_UNINITIALIZED_AUTOS = YES_AGGRESSIVE;
				GCC_WARN_UNUSED_FUNCTION = YES;
				GCC_WARN_UNUSED_VARIABLE = YES;
				IPHONEOS_DEPLOYMENT_TARGET = 8.3;
				MTL_ENABLE_DEBUG_INFO = NO;
				SDKROOT = iphoneos;
				VALIDATE_PRODUCT = YES;
			};
			name = Release;
		};
		284396101B2B0B1200B7EED8 /* Debug */ = {
			isa = XCBuildConfiguration;
			buildSettings = {
				ASSETCATALOG_COMPILER_APPICON_NAME = AppIcon;
				INFOPLIST_FILE = CoreBluetooth/Info.plist;
				LD_RUNPATH_SEARCH_PATHS = "$(inherited) @executable_path/Frameworks";
				PRODUCT_NAME = "$(TARGET_NAME)";
			};
			name = Debug;
		};
		284396111B2B0B1200B7EED8 /* Release */ = {
			isa = XCBuildConfiguration;
			buildSettings = {
				ASSETCATALOG_COMPILER_APPICON_NAME = AppIcon;
				INFOPLIST_FILE = CoreBluetooth/Info.plist;
				LD_RUNPATH_SEARCH_PATHS = "$(inherited) @executable_path/Frameworks";
				PRODUCT_NAME = "$(TARGET_NAME)";
			};
			name = Release;
		};
		284396131B2B0B1200B7EED8 /* Debug */ = {
			isa = XCBuildConfiguration;
			buildSettings = {
				BUNDLE_LOADER = "$(TEST_HOST)";
				FRAMEWORK_SEARCH_PATHS = (
					"$(SDKROOT)/Developer/Library/Frameworks",
					"$(inherited)",
				);
				GCC_PREPROCESSOR_DEFINITIONS = (
					"DEBUG=1",
					"$(inherited)",
				);
				INFOPLIST_FILE = CoreBluetoothTests/Info.plist;
				LD_RUNPATH_SEARCH_PATHS = "$(inherited) @executable_path/Frameworks @loader_path/Frameworks";
				PRODUCT_NAME = "$(TARGET_NAME)";
				TEST_HOST = "$(BUILT_PRODUCTS_DIR)/CoreBluetooth.app/CoreBluetooth";
			};
			name = Debug;
		};
		284396141B2B0B1200B7EED8 /* Release */ = {
			isa = XCBuildConfiguration;
			buildSettings = {
				BUNDLE_LOADER = "$(TEST_HOST)";
				FRAMEWORK_SEARCH_PATHS = (
					"$(SDKROOT)/Developer/Library/Frameworks",
					"$(inherited)",
				);
				INFOPLIST_FILE = CoreBluetoothTests/Info.plist;
				LD_RUNPATH_SEARCH_PATHS = "$(inherited) @executable_path/Frameworks @loader_path/Frameworks";
				PRODUCT_NAME = "$(TARGET_NAME)";
				TEST_HOST = "$(BUILT_PRODUCTS_DIR)/CoreBluetooth.app/CoreBluetooth";
			};
			name = Release;
		};
/* End XCBuildConfiguration section */

/* Begin XCConfigurationList section */
		284395E71B2B0B1200B7EED8 /* Build configuration list for PBXProject "CoreBluetooth" */ = {
			isa = XCConfigurationList;
			buildConfigurations = (
				2843960D1B2B0B1200B7EED8 /* Debug */,
				2843960E1B2B0B1200B7EED8 /* Release */,
			);
			defaultConfigurationIsVisible = 0;
			defaultConfigurationName = Release;
		};
		2843960F1B2B0B1200B7EED8 /* Build configuration list for PBXNativeTarget "CoreBluetooth" */ = {
			isa = XCConfigurationList;
			buildConfigurations = (
				284396101B2B0B1200B7EED8 /* Debug */,
				284396111B2B0B1200B7EED8 /* Release */,
			);
			defaultConfigurationIsVisible = 0;
		};
		284396121B2B0B1200B7EED8 /* Build configuration list for PBXNativeTarget "CoreBluetoothTests" */ = {
			isa = XCConfigurationList;
			buildConfigurations = (
				284396131B2B0B1200B7EED8 /* Debug */,
				284396141B2B0B1200B7EED8 /* Release */,
			);
			defaultConfigurationIsVisible = 0;
		};
/* End XCConfigurationList section */
	};
	rootObject = 284395E41B2B0B1200B7EED8 /* Project object */;
}
