// !$*UTF8*$!
{
	archiveVersion = 1;
	classes = {
	};
	objectVersion = 46;
	objects = {

/* Begin PBXBuildFile section */
		288863E51B3062D300569915 /* main.m in Sources */ = {isa = PBXBuildFile; fileRef = 288863E41B3062D300569915 /* main.m */; };
		288863E81B3062D300569915 /* AppDelegate.m in Sources */ = {isa = PBXBuildFile; fileRef = 288863E71B3062D300569915 /* AppDelegate.m */; };
		288863EB1B3062D300569915 /* ViewController.m in Sources */ = {isa = PBXBuildFile; fileRef = 288863EA1B3062D300569915 /* ViewController.m */; };
		288863EE1B3062D300569915 /* Main.storyboard in Resources */ = {isa = PBXBuildFile; fileRef = 288863EC1B3062D300569915 /* Main.storyboard */; };
		288863F01B3062D300569915 /* Images.xcassets in Resources */ = {isa = PBXBuildFile; fileRef = 288863EF1B3062D300569915 /* Images.xcassets */; };
		288863F31B3062D300569915 /* LaunchScreen.xib in Resources */ = {isa = PBXBuildFile; fileRef = 288863F11B3062D300569915 /* LaunchScreen.xib */; };
		288863FF1B3062D300569915 /* CoreLocationTests.m in Sources */ = {isa = PBXBuildFile; fileRef = 288863FE1B3062D300569915 /* CoreLocationTests.m */; };
/* End PBXBuildFile section */

/* Begin PBXContainerItemProxy section */
		288863F91B3062D300569915 /* PBXContainerItemProxy */ = {
			isa = PBXContainerItemProxy;
			containerPortal = 288863D71B3062D300569915 /* Project object */;
			proxyType = 1;
			remoteGlobalIDString = 288863DE1B3062D300569915;
			remoteInfo = CoreLocation;
		};
/* End PBXContainerItemProxy section */

/* Begin PBXFileReference section */
		288863DF1B3062D300569915 /* CoreLocation.app */ = {isa = PBXFileReference; explicitFileType = wrapper.application; includeInIndex = 0; path = CoreLocation.app; sourceTree = BUILT_PRODUCTS_DIR; };
		288863E31B3062D300569915 /* Info.plist */ = {isa = PBXFileReference; lastKnownFileType = text.plist.xml; path = Info.plist; sourceTree = "<group>"; };
		288863E41B3062D300569915 /* main.m */ = {isa = PBXFileReference; lastKnownFileType = sourcecode.c.objc; path = main.m; sourceTree = "<group>"; };
		288863E61B3062D300569915 /* AppDelegate.h */ = {isa = PBXFileReference; lastKnownFileType = sourcecode.c.h; path = AppDelegate.h; sourceTree = "<group>"; };
		288863E71B3062D300569915 /* AppDelegate.m */ = {isa = PBXFileReference; lastKnownFileType = sourcecode.c.objc; path = AppDelegate.m; sourceTree = "<group>"; };
		288863E91B3062D300569915 /* ViewController.h */ = {isa = PBXFileReference; lastKnownFileType = sourcecode.c.h; path = ViewController.h; sourceTree = "<group>"; };
		288863EA1B3062D300569915 /* ViewController.m */ = {isa = PBXFileReference; lastKnownFileType = sourcecode.c.objc; path = ViewController.m; sourceTree = "<group>"; };
		288863ED1B3062D300569915 /* Base */ = {isa = PBXFileReference; lastKnownFileType = file.storyboard; name = Base; path = Base.lproj/Main.storyboard; sourceTree = "<group>"; };
		288863EF1B3062D300569915 /* Images.xcassets */ = {isa = PBXFileReference; lastKnownFileType = folder.assetcatalog; path = Images.xcassets; sourceTree = "<group>"; };
		288863F21B3062D300569915 /* Base */ = {isa = PBXFileReference; lastKnownFileType = file.xib; name = Base; path = Base.lproj/LaunchScreen.xib; sourceTree = "<group>"; };
		288863F81B3062D300569915 /* CoreLocationTests.xctest */ = {isa = PBXFileReference; explicitFileType = wrapper.cfbundle; includeInIndex = 0; path = CoreLocationTests.xctest; sourceTree = BUILT_PRODUCTS_DIR; };
		288863FD1B3062D300569915 /* Info.plist */ = {isa = PBXFileReference; lastKnownFileType = text.plist.xml; path = Info.plist; sourceTree = "<group>"; };
		288863FE1B3062D300569915 /* CoreLocationTests.m */ = {isa = PBXFileReference; lastKnownFileType = sourcecode.c.objc; path = CoreLocationTests.m; sourceTree = "<group>"; };
/* End PBXFileReference section */

/* Begin PBXFrameworksBuildPhase section */
		288863DC1B3062D300569915 /* Frameworks */ = {
			isa = PBXFrameworksBuildPhase;
			buildActionMask = 2147483647;
			files = (
			);
			runOnlyForDeploymentPostprocessing = 0;
		};
		288863F51B3062D300569915 /* Frameworks */ = {
			isa = PBXFrameworksBuildPhase;
			buildActionMask = 2147483647;
			files = (
			);
			runOnlyForDeploymentPostprocessing = 0;
		};
/* End PBXFrameworksBuildPhase section */

/* Begin PBXGroup section */
		288863D61B3062D300569915 = {
			isa = PBXGroup;
			children = (
				288863E11B3062D300569915 /* CoreLocation */,
				288863FB1B3062D300569915 /* CoreLocationTests */,
				288863E01B3062D300569915 /* Products */,
			);
			sourceTree = "<group>";
		};
		288863E01B3062D300569915 /* Products */ = {
			isa = PBXGroup;
			children = (
				288863DF1B3062D300569915 /* CoreLocation.app */,
				288863F81B3062D300569915 /* CoreLocationTests.xctest */,
			);
			name = Products;
			sourceTree = "<group>";
		};
		288863E11B3062D300569915 /* CoreLocation */ = {
			isa = PBXGroup;
			children = (
				288863E61B3062D300569915 /* AppDelegate.h */,
				288863E71B3062D300569915 /* AppDelegate.m */,
				288863E91B3062D300569915 /* ViewController.h */,
				288863EA1B3062D300569915 /* ViewController.m */,
				288863EC1B3062D300569915 /* Main.storyboard */,
				288863EF1B3062D300569915 /* Images.xcassets */,
				288863F11B3062D300569915 /* LaunchScreen.xib */,
				288863E21B3062D300569915 /* Supporting Files */,
			);
			path = CoreLocation;
			sourceTree = "<group>";
		};
		288863E21B3062D300569915 /* Supporting Files */ = {
			isa = PBXGroup;
			children = (
				288863E31B3062D300569915 /* Info.plist */,
				288863E41B3062D300569915 /* main.m */,
			);
			name = "Supporting Files";
			sourceTree = "<group>";
		};
		288863FB1B3062D300569915 /* CoreLocationTests */ = {
			isa = PBXGroup;
			children = (
				288863FE1B3062D300569915 /* CoreLocationTests.m */,
				288863FC1B3062D300569915 /* Supporting Files */,
			);
			path = CoreLocationTests;
			sourceTree = "<group>";
		};
		288863FC1B3062D300569915 /* Supporting Files */ = {
			isa = PBXGroup;
			children = (
				288863FD1B3062D300569915 /* Info.plist */,
			);
			name = "Supporting Files";
			sourceTree = "<group>";
		};
/* End PBXGroup section */

/* Begin PBXNativeTarget section */
		288863DE1B3062D300569915 /* CoreLocation */ = {
			isa = PBXNativeTarget;
			buildConfigurationList = 288864021B3062D300569915 /* Build configuration list for PBXNativeTarget "CoreLocation" */;
			buildPhases = (
				288863DB1B3062D300569915 /* Sources */,
				288863DC1B3062D300569915 /* Frameworks */,
				288863DD1B3062D300569915 /* Resources */,
			);
			buildRules = (
			);
			dependencies = (
			);
			name = CoreLocation;
			productName = CoreLocation;
			productReference = 288863DF1B3062D300569915 /* CoreLocation.app */;
			productType = "com.apple.product-type.application";
		};
		288863F71B3062D300569915 /* CoreLocationTests */ = {
			isa = PBXNativeTarget;
			buildConfigurationList = 288864051B3062D300569915 /* Build configuration list for PBXNativeTarget "CoreLocationTests" */;
			buildPhases = (
				288863F41B3062D300569915 /* Sources */,
				288863F51B3062D300569915 /* Frameworks */,
				288863F61B3062D300569915 /* Resources */,
			);
			buildRules = (
			);
			dependencies = (
				288863FA1B3062D300569915 /* PBXTargetDependency */,
			);
			name = CoreLocationTests;
			productName = CoreLocationTests;
			productReference = 288863F81B3062D300569915 /* CoreLocationTests.xctest */;
			productType = "com.apple.product-type.bundle.unit-test";
		};
/* End PBXNativeTarget section */

/* Begin PBXProject section */
		288863D71B3062D300569915 /* Project object */ = {
			isa = PBXProject;
			attributes = {
				LastUpgradeCheck = 0630;
				ORGANIZATIONNAME = Van;
				TargetAttributes = {
					288863DE1B3062D300569915 = {
						CreatedOnToolsVersion = 6.3.2;
					};
					288863F71B3062D300569915 = {
						CreatedOnToolsVersion = 6.3.2;
						TestTargetID = 288863DE1B3062D300569915;
					};
				};
			};
			buildConfigurationList = 288863DA1B3062D300569915 /* Build configuration list for PBXProject "CoreLocation" */;
			compatibilityVersion = "Xcode 3.2";
			developmentRegion = English;
			hasScannedForEncodings = 0;
			knownRegions = (
				en,
				Base,
			);
			mainGroup = 288863D61B3062D300569915;
			productRefGroup = 288863E01B3062D300569915 /* Products */;
			projectDirPath = "";
			projectRoot = "";
			targets = (
				288863DE1B3062D300569915 /* CoreLocation */,
				288863F71B3062D300569915 /* CoreLocationTests */,
			);
		};
/* End PBXProject section */

/* Begin PBXResourcesBuildPhase section */
		288863DD1B3062D300569915 /* Resources */ = {
			isa = PBXResourcesBuildPhase;
			buildActionMask = 2147483647;
			files = (
				288863EE1B3062D300569915 /* Main.storyboard in Resources */,
				288863F31B3062D300569915 /* LaunchScreen.xib in Resources */,
				288863F01B3062D300569915 /* Images.xcassets in Resources */,
			);
			runOnlyForDeploymentPostprocessing = 0;
		};
		288863F61B3062D300569915 /* Resources */ = {
			isa = PBXResourcesBuildPhase;
			buildActionMask = 2147483647;
			files = (
			);
			runOnlyForDeploymentPostprocessing = 0;
		};
/* End PBXResourcesBuildPhase section */

/* Begin PBXSourcesBuildPhase section */
		288863DB1B3062D300569915 /* Sources */ = {
			isa = PBXSourcesBuildPhase;
			buildActionMask = 2147483647;
			files = (
				288863EB1B3062D300569915 /* ViewController.m in Sources */,
				288863E81B3062D300569915 /* AppDelegate.m in Sources */,
				288863E51B3062D300569915 /* main.m in Sources */,
			);
			runOnlyForDeploymentPostprocessing = 0;
		};
		288863F41B3062D300569915 /* Sources */ = {
			isa = PBXSourcesBuildPhase;
			buildActionMask = 2147483647;
			files = (
				288863FF1B3062D300569915 /* CoreLocationTests.m in Sources */,
			);
			runOnlyForDeploymentPostprocessing = 0;
		};
/* End PBXSourcesBuildPhase section */

/* Begin PBXTargetDependency section */
		288863FA1B3062D300569915 /* PBXTargetDependency */ = {
			isa = PBXTargetDependency;
			target = 288863DE1B3062D300569915 /* CoreLocation */;
			targetProxy = 288863F91B3062D300569915 /* PBXContainerItemProxy */;
		};
/* End PBXTargetDependency section */

/* Begin PBXVariantGroup section */
		288863EC1B3062D300569915 /* Main.storyboard */ = {
			isa = PBXVariantGroup;
			children = (
				288863ED1B3062D300569915 /* Base */,
			);
			name = Main.storyboard;
			sourceTree = "<group>";
		};
		288863F11B3062D300569915 /* LaunchScreen.xib */ = {
			isa = PBXVariantGroup;
			children = (
				288863F21B3062D300569915 /* Base */,
			);
			name = LaunchScreen.xib;
			sourceTree = "<group>";
		};
/* End PBXVariantGroup section */

/* Begin XCBuildConfiguration section */
		288864001B3062D300569915 /* Debug */ = {
			isa = XCBuildConfiguration;
			buildSettings = {
				ALWAYS_SEARCH_USER_PATHS = NO;
				CLANG_CXX_LANGUAGE_STANDARD = "gnu++0x";
				CLANG_CXX_LIBRARY = "libc++";
				CLANG_ENABLE_MODULES = YES;
				CLANG_ENABLE_OBJC_ARC = YES;
				CLANG_WARN_BOOL_CONVERSION = YES;
				CLANG_WARN_CONSTANT_CONVERSION = YES;
				CLANG_WARN_DIRECT_OBJC_ISA_USAGE = YES_ERROR;
				CLANG_WARN_EMPTY_BODY = YES;
				CLANG_WARN_ENUM_CONVERSION = YES;
				CLANG_WARN_INT_CONVERSION = YES;
				CLANG_WARN_OBJC_ROOT_CLASS = YES_ERROR;
				CLANG_WARN_UNREACHABLE_CODE = YES;
				CLANG_WARN__DUPLICATE_METHOD_MATCH = YES;
				"CODE_SIGN_IDENTITY[sdk=iphoneos*]" = "iPhone Developer";
				COPY_PHASE_STRIP = NO;
				DEBUG_INFORMATION_FORMAT = "dwarf-with-dsym";
				ENABLE_STRICT_OBJC_MSGSEND = YES;
				GCC_C_LANGUAGE_STANDARD = gnu99;
				GCC_DYNAMIC_NO_PIC = NO;
				GCC_NO_COMMON_BLOCKS = YES;
				GCC_OPTIMIZATION_LEVEL = 0;
				GCC_PREPROCESSOR_DEFINITIONS = (
					"DEBUG=1",
					"$(inherited)",
				);
				GCC_SYMBOLS_PRIVATE_EXTERN = NO;
				GCC_WARN_64_TO_32_BIT_CONVERSION = YES;
				GCC_WARN_ABOUT_RETURN_TYPE = YES_ERROR;
				GCC_WARN_UNDECLARED_SELECTOR = YES;
				GCC_WARN_UNINITIALIZED_AUTOS = YES_AGGRESSIVE;
				GCC_WARN_UNUSED_FUNCTION = YES;
				GCC_WARN_UNUSED_VARIABLE = YES;
				IPHONEOS_DEPLOYMENT_TARGET = 8.3;
				MTL_ENABLE_DEBUG_INFO = YES;
				ONLY_ACTIVE_ARCH = YES;
				SDKROOT = iphoneos;
			};
			name = Debug;
		};
		288864011B3062D300569915 /* Release */ = {
			isa = XCBuildConfiguration;
			buildSettings = {
				ALWAYS_SEARCH_USER_PATHS = NO;
				CLANG_CXX_LANGUAGE_STANDARD = "gnu++0x";
				CLANG_CXX_LIBRARY = "libc++";
				CLANG_ENABLE_MODULES = YES;
				CLANG_ENABLE_OBJC_ARC = YES;
				CLANG_WARN_BOOL_CONVERSION = YES;
				CLANG_WARN_CONSTANT_CONVERSION = YES;
				CLANG_WARN_DIRECT_OBJC_ISA_USAGE = YES_ERROR;
				CLANG_WARN_EMPTY_BODY = YES;
				CLANG_WARN_ENUM_CONVERSION = YES;
				CLANG_WARN_INT_CONVERSION = YES;
				CLANG_WARN_OBJC_ROOT_CLASS = YES_ERROR;
				CLANG_WARN_UNREACHABLE_CODE = YES;
				CLANG_WARN__DUPLICATE_METHOD_MATCH = YES;
				"CODE_SIGN_IDENTITY[sdk=iphoneos*]" = "iPhone Developer";
				COPY_PHASE_STRIP = NO;
				DEBUG_INFORMATION_FORMAT = "dwarf-with-dsym";
				ENABLE_NS_ASSERTIONS = NO;
				ENABLE_STRICT_OBJC_MSGSEND = YES;
				GCC_C_LANGUAGE_STANDARD = gnu99;
				GCC_NO_COMMON_BLOCKS = YES;
				GCC_WARN_64_TO_32_BIT_CONVERSION = YES;
				GCC_WARN_ABOUT_RETURN_TYPE = YES_ERROR;
				GCC_WARN_UNDECLARED_SELECTOR = YES;
				GCC_WARN_UNINITIALIZED_AUTOS = YES_AGGRESSIVE;
				GCC_WARN_UNUSED_FUNCTION = YES;
				GCC_WARN_UNUSED_VARIABLE = YES;
				IPHONEOS_DEPLOYMENT_TARGET = 8.3;
				MTL_ENABLE_DEBUG_INFO = NO;
				SDKROOT = iphoneos;
				VALIDATE_PRODUCT = YES;
			};
			name = Release;
		};
		288864031B3062D300569915 /* Debug */ = {
			isa = XCBuildConfiguration;
			buildSettings = {
				ASSETCATALOG_COMPILER_APPICON_NAME = AppIcon;
				INFOPLIST_FILE = CoreLocation/Info.plist;
				LD_RUNPATH_SEARCH_PATHS = "$(inherited) @executable_path/Frameworks";
				PRODUCT_NAME = "$(TARGET_NAME)";
			};
			name = Debug;
		};
		288864041B3062D300569915 /* Release */ = {
			isa = XCBuildConfiguration;
			buildSettings = {
				ASSETCATALOG_COMPILER_APPICON_NAME = AppIcon;
				INFOPLIST_FILE = CoreLocation/Info.plist;
				LD_RUNPATH_SEARCH_PATHS = "$(inherited) @executable_path/Frameworks";
				PRODUCT_NAME = "$(TARGET_NAME)";
			};
			name = Release;
		};
		288864061B3062D300569915 /* Debug */ = {
			isa = XCBuildConfiguration;
			buildSettings = {
				BUNDLE_LOADER = "$(TEST_HOST)";
				FRAMEWORK_SEARCH_PATHS = (
					"$(SDKROOT)/Developer/Library/Frameworks",
					"$(inherited)",
				);
				GCC_PREPROCESSOR_DEFINITIONS = (
					"DEBUG=1",
					"$(inherited)",
				);
				INFOPLIST_FILE = CoreLocationTests/Info.plist;
				LD_RUNPATH_SEARCH_PATHS = "$(inherited) @executable_path/Frameworks @loader_path/Frameworks";
				PRODUCT_NAME = "$(TARGET_NAME)";
				TEST_HOST = "$(BUILT_PRODUCTS_DIR)/CoreLocation.app/CoreLocation";
			};
			name = Debug;
		};
		288864071B3062D300569915 /* Release */ = {
			isa = XCBuildConfiguration;
			buildSettings = {
				BUNDLE_LOADER = "$(TEST_HOST)";
				FRAMEWORK_SEARCH_PATHS = (
					"$(SDKROOT)/Developer/Library/Frameworks",
					"$(inherited)",
				);
				INFOPLIST_FILE = CoreLocationTests/Info.plist;
				LD_RUNPATH_SEARCH_PATHS = "$(inherited) @executable_path/Frameworks @loader_path/Frameworks";
				PRODUCT_NAME = "$(TARGET_NAME)";
				TEST_HOST = "$(BUILT_PRODUCTS_DIR)/CoreLocation.app/CoreLocation";
			};
			name = Release;
		};
/* End XCBuildConfiguration section */

/* Begin XCConfigurationList section */
		288863DA1B3062D300569915 /* Build configuration list for PBXProject "CoreLocation" */ = {
			isa = XCConfigurationList;
			buildConfigurations = (
				288864001B3062D300569915 /* Debug */,
				288864011B3062D300569915 /* Release */,
			);
			defaultConfigurationIsVisible = 0;
			defaultConfigurationName = Release;
		};
		288864021B3062D300569915 /* Build configuration list for PBXNativeTarget "CoreLocation" */ = {
			isa = XCConfigurationList;
			buildConfigurations = (
				288864031B3062D300569915 /* Debug */,
				288864041B3062D300569915 /* Release */,
			);
			defaultConfigurationIsVisible = 0;
		};
		288864051B3062D300569915 /* Build configuration list for PBXNativeTarget "CoreLocationTests" */ = {
			isa = XCConfigurationList;
			buildConfigurations = (
				288864061B3062D300569915 /* Debug */,
				288864071B3062D300569915 /* Release */,
			);
			defaultConfigurationIsVisible = 0;
		};
/* End XCConfigurationList section */
	};
	rootObject = 288863D71B3062D300569915 /* Project object */;
}
