// !$*UTF8*$!
{
	archiveVersion = 1;
	classes = {
	};
	objectVersion = 46;
	objects = {

/* Begin PBXBuildFile section */
		285CF6BD1B2022CC002DDD8E /* main.m in Sources */ = {isa = PBXBuildFile; fileRef = 285CF6BC1B2022CC002DDD8E /* main.m */; };
		285CF6C01B2022CC002DDD8E /* AppDelegate.m in Sources */ = {isa = PBXBuildFile; fileRef = 285CF6BF1B2022CC002DDD8E /* AppDelegate.m */; };
		285CF6C61B2022CC002DDD8E /* Main.storyboard in Resources */ = {isa = PBXBuildFile; fileRef = 285CF6C41B2022CC002DDD8E /* Main.storyboard */; };
		285CF6C81B2022CC002DDD8E /* Images.xcassets in Resources */ = {isa = PBXBuildFile; fileRef = 285CF6C71B2022CC002DDD8E /* Images.xcassets */; };
		285CF6CB1B2022CC002DDD8E /* LaunchScreen.xib in Resources */ = {isa = PBXBuildFile; fileRef = 285CF6C91B2022CC002DDD8E /* LaunchScreen.xib */; };
		285CF6D71B2022CC002DDD8E /* Cell_ImageView_DownloadTests.m in Sources */ = {isa = PBXBuildFile; fileRef = 285CF6D61B2022CC002DDD8E /* Cell_ImageView_DownloadTests.m */; };
		285CF6E21B202362002DDD8E /* TableViewController.m in Sources */ = {isa = PBXBuildFile; fileRef = 285CF6E11B202362002DDD8E /* TableViewController.m */; };
		285CF6E41B20240B002DDD8E /* apps.plist in Resources */ = {isa = PBXBuildFile; fileRef = 285CF6E31B20240B002DDD8E /* apps.plist */; };
		285CF6E71B202421002DDD8E /* TestApp.m in Sources */ = {isa = PBXBuildFile; fileRef = 285CF6E61B202421002DDD8E /* TestApp.m */; };
		286BF7621B202AA600702E0C /* CustomDownloadOperation.m in Sources */ = {isa = PBXBuildFile; fileRef = 286BF7611B202AA600702E0C /* CustomDownloadOperation.m */; };
/* End PBXBuildFile section */

/* Begin PBXContainerItemProxy section */
		285CF6D11B2022CC002DDD8E /* PBXContainerItemProxy */ = {
			isa = PBXContainerItemProxy;
			containerPortal = 285CF6AF1B2022CC002DDD8E /* Project object */;
			proxyType = 1;
			remoteGlobalIDString = 285CF6B61B2022CC002DDD8E;
			remoteInfo = Cell_ImageView_Download;
		};
/* End PBXContainerItemProxy section */

/* Begin PBXFileReference section */
		285CF6B71B2022CC002DDD8E /* Cell_ImageView_Download.app */ = {isa = PBXFileReference; explicitFileType = wrapper.application; includeInIndex = 0; path = Cell_ImageView_Download.app; sourceTree = BUILT_PRODUCTS_DIR; };
		285CF6BB1B2022CC002DDD8E /* Info.plist */ = {isa = PBXFileReference; lastKnownFileType = text.plist.xml; path = Info.plist; sourceTree = "<group>"; };
		285CF6BC1B2022CC002DDD8E /* main.m */ = {isa = PBXFileReference; lastKnownFileType = sourcecode.c.objc; path = main.m; sourceTree = "<group>"; };
		285CF6BE1B2022CC002DDD8E /* AppDelegate.h */ = {isa = PBXFileReference; lastKnownFileType = sourcecode.c.h; path = AppDelegate.h; sourceTree = "<group>"; };
		285CF6BF1B2022CC002DDD8E /* AppDelegate.m */ = {isa = PBXFileReference; lastKnownFileType = sourcecode.c.objc; path = AppDelegate.m; sourceTree = "<group>"; };
		285CF6C51B2022CC002DDD8E /* Base */ = {isa = PBXFileReference; lastKnownFileType = file.storyboard; name = Base; path = Base.lproj/Main.storyboard; sourceTree = "<group>"; };
		285CF6C71B2022CC002DDD8E /* Images.xcassets */ = {isa = PBXFileReference; lastKnownFileType = folder.assetcatalog; path = Images.xcassets; sourceTree = "<group>"; };
		285CF6CA1B2022CC002DDD8E /* Base */ = {isa = PBXFileReference; lastKnownFileType = file.xib; name = Base; path = Base.lproj/LaunchScreen.xib; sourceTree = "<group>"; };
		285CF6D01B2022CC002DDD8E /* Cell_ImageView_DownloadTests.xctest */ = {isa = PBXFileReference; explicitFileType = wrapper.cfbundle; includeInIndex = 0; path = Cell_ImageView_DownloadTests.xctest; sourceTree = BUILT_PRODUCTS_DIR; };
		285CF6D51B2022CC002DDD8E /* Info.plist */ = {isa = PBXFileReference; lastKnownFileType = text.plist.xml; path = Info.plist; sourceTree = "<group>"; };
		285CF6D61B2022CC002DDD8E /* Cell_ImageView_DownloadTests.m */ = {isa = PBXFileReference; lastKnownFileType = sourcecode.c.objc; path = Cell_ImageView_DownloadTests.m; sourceTree = "<group>"; };
		285CF6E01B202362002DDD8E /* TableViewController.h */ = {isa = PBXFileReference; fileEncoding = 4; lastKnownFileType = sourcecode.c.h; path = TableViewController.h; sourceTree = "<group>"; };
		285CF6E11B202362002DDD8E /* TableViewController.m */ = {isa = PBXFileReference; fileEncoding = 4; lastKnownFileType = sourcecode.c.objc; path = TableViewController.m; sourceTree = "<group>"; };
		285CF6E31B20240B002DDD8E /* apps.plist */ = {isa = PBXFileReference; fileEncoding = 4; lastKnownFileType = text.plist.xml; path = apps.plist; sourceTree = "<group>"; };
		285CF6E51B202421002DDD8E /* TestApp.h */ = {isa = PBXFileReference; fileEncoding = 4; lastKnownFileType = sourcecode.c.h; path = TestApp.h; sourceTree = "<group>"; };
		285CF6E61B202421002DDD8E /* TestApp.m */ = {isa = PBXFileReference; fileEncoding = 4; lastKnownFileType = sourcecode.c.objc; path = TestApp.m; sourceTree = "<group>"; };
		286BF7601B202AA600702E0C /* CustomDownloadOperation.h */ = {isa = PBXFileReference; fileEncoding = 4; lastKnownFileType = sourcecode.c.h; path = CustomDownloadOperation.h; sourceTree = "<group>"; };
		286BF7611B202AA600702E0C /* CustomDownloadOperation.m */ = {isa = PBXFileReference; fileEncoding = 4; lastKnownFileType = sourcecode.c.objc; path = CustomDownloadOperation.m; sourceTree = "<group>"; };
/* End PBXFileReference section */

/* Begin PBXFrameworksBuildPhase section */
		285CF6B41B2022CC002DDD8E /* Frameworks */ = {
			isa = PBXFrameworksBuildPhase;
			buildActionMask = 2147483647;
			files = (
			);
			runOnlyForDeploymentPostprocessing = 0;
		};
		285CF6CD1B2022CC002DDD8E /* Frameworks */ = {
			isa = PBXFrameworksBuildPhase;
			buildActionMask = 2147483647;
			files = (
			);
			runOnlyForDeploymentPostprocessing = 0;
		};
/* End PBXFrameworksBuildPhase section */

/* Begin PBXGroup section */
		285CF6AE1B2022CC002DDD8E = {
			isa = PBXGroup;
			children = (
				285CF6B91B2022CC002DDD8E /* Cell_ImageView_Download */,
				285CF6D31B2022CC002DDD8E /* Cell_ImageView_DownloadTests */,
				285CF6B81B2022CC002DDD8E /* Products */,
			);
			sourceTree = "<group>";
		};
		285CF6B81B2022CC002DDD8E /* Products */ = {
			isa = PBXGroup;
			children = (
				285CF6B71B2022CC002DDD8E /* Cell_ImageView_Download.app */,
				285CF6D01B2022CC002DDD8E /* Cell_ImageView_DownloadTests.xctest */,
			);
			name = Products;
			sourceTree = "<group>";
		};
		285CF6B91B2022CC002DDD8E /* Cell_ImageView_Download */ = {
			isa = PBXGroup;
			children = (
				285CF6E51B202421002DDD8E /* TestApp.h */,
				285CF6E61B202421002DDD8E /* TestApp.m */,
				285CF6BE1B2022CC002DDD8E /* AppDelegate.h */,
				285CF6BF1B2022CC002DDD8E /* AppDelegate.m */,
				285CF6E01B202362002DDD8E /* TableViewController.h */,
				285CF6E11B202362002DDD8E /* TableViewController.m */,
				286BF7601B202AA600702E0C /* CustomDownloadOperation.h */,
				286BF7611B202AA600702E0C /* CustomDownloadOperation.m */,
				285CF6E31B20240B002DDD8E /* apps.plist */,
				285CF6C41B2022CC002DDD8E /* Main.storyboard */,
				285CF6C71B2022CC002DDD8E /* Images.xcassets */,
				285CF6C91B2022CC002DDD8E /* LaunchScreen.xib */,
				285CF6BA1B2022CC002DDD8E /* Supporting Files */,
			);
			path = Cell_ImageView_Download;
			sourceTree = "<group>";
		};
		285CF6BA1B2022CC002DDD8E /* Supporting Files */ = {
			isa = PBXGroup;
			children = (
				285CF6BB1B2022CC002DDD8E /* Info.plist */,
				285CF6BC1B2022CC002DDD8E /* main.m */,
			);
			name = "Supporting Files";
			sourceTree = "<group>";
		};
		285CF6D31B2022CC002DDD8E /* Cell_ImageView_DownloadTests */ = {
			isa = PBXGroup;
			children = (
				285CF6D61B2022CC002DDD8E /* Cell_ImageView_DownloadTests.m */,
				285CF6D41B2022CC002DDD8E /* Supporting Files */,
			);
			path = Cell_ImageView_DownloadTests;
			sourceTree = "<group>";
		};
		285CF6D41B2022CC002DDD8E /* Supporting Files */ = {
			isa = PBXGroup;
			children = (
				285CF6D51B2022CC002DDD8E /* Info.plist */,
			);
			name = "Supporting Files";
			sourceTree = "<group>";
		};
/* End PBXGroup section */

/* Begin PBXNativeTarget section */
		285CF6B61B2022CC002DDD8E /* Cell_ImageView_Download */ = {
			isa = PBXNativeTarget;
			buildConfigurationList = 285CF6DA1B2022CC002DDD8E /* Build configuration list for PBXNativeTarget "Cell_ImageView_Download" */;
			buildPhases = (
				285CF6B31B2022CC002DDD8E /* Sources */,
				285CF6B41B2022CC002DDD8E /* Frameworks */,
				285CF6B51B2022CC002DDD8E /* Resources */,
			);
			buildRules = (
			);
			dependencies = (
			);
			name = Cell_ImageView_Download;
			productName = Cell_ImageView_Download;
			productReference = 285CF6B71B2022CC002DDD8E /* Cell_ImageView_Download.app */;
			productType = "com.apple.product-type.application";
		};
		285CF6CF1B2022CC002DDD8E /* Cell_ImageView_DownloadTests */ = {
			isa = PBXNativeTarget;
			buildConfigurationList = 285CF6DD1B2022CC002DDD8E /* Build configuration list for PBXNativeTarget "Cell_ImageView_DownloadTests" */;
			buildPhases = (
				285CF6CC1B2022CC002DDD8E /* Sources */,
				285CF6CD1B2022CC002DDD8E /* Frameworks */,
				285CF6CE1B2022CC002DDD8E /* Resources */,
			);
			buildRules = (
			);
			dependencies = (
				285CF6D21B2022CC002DDD8E /* PBXTargetDependency */,
			);
			name = Cell_ImageView_DownloadTests;
			productName = Cell_ImageView_DownloadTests;
			productReference = 285CF6D01B2022CC002DDD8E /* Cell_ImageView_DownloadTests.xctest */;
			productType = "com.apple.product-type.bundle.unit-test";
		};
/* End PBXNativeTarget section */

/* Begin PBXProject section */
		285CF6AF1B2022CC002DDD8E /* Project object */ = {
			isa = PBXProject;
			attributes = {
				LastUpgradeCheck = 0630;
				ORGANIZATIONNAME = Van;
				TargetAttributes = {
					285CF6B61B2022CC002DDD8E = {
						CreatedOnToolsVersion = 6.3.2;
					};
					285CF6CF1B2022CC002DDD8E = {
						CreatedOnToolsVersion = 6.3.2;
						TestTargetID = 285CF6B61B2022CC002DDD8E;
					};
				};
			};
			buildConfigurationList = 285CF6B21B2022CC002DDD8E /* Build configuration list for PBXProject "Cell_ImageView_Download" */;
			compatibilityVersion = "Xcode 3.2";
			developmentRegion = English;
			hasScannedForEncodings = 0;
			knownRegions = (
				en,
				Base,
			);
			mainGroup = 285CF6AE1B2022CC002DDD8E;
			productRefGroup = 285CF6B81B2022CC002DDD8E /* Products */;
			projectDirPath = "";
			projectRoot = "";
			targets = (
				285CF6B61B2022CC002DDD8E /* Cell_ImageView_Download */,
				285CF6CF1B2022CC002DDD8E /* Cell_ImageView_DownloadTests */,
			);
		};
/* End PBXProject section */

/* Begin PBXResourcesBuildPhase section */
		285CF6B51B2022CC002DDD8E /* Resources */ = {
			isa = PBXResourcesBuildPhase;
			buildActionMask = 2147483647;
			files = (
				285CF6E41B20240B002DDD8E /* apps.plist in Resources */,
				285CF6C61B2022CC002DDD8E /* Main.storyboard in Resources */,
				285CF6CB1B2022CC002DDD8E /* LaunchScreen.xib in Resources */,
				285CF6C81B2022CC002DDD8E /* Images.xcassets in Resources */,
			);
			runOnlyForDeploymentPostprocessing = 0;
		};
		285CF6CE1B2022CC002DDD8E /* Resources */ = {
			isa = PBXResourcesBuildPhase;
			buildActionMask = 2147483647;
			files = (
			);
			runOnlyForDeploymentPostprocessing = 0;
		};
/* End PBXResourcesBuildPhase section */

/* Begin PBXSourcesBuildPhase section */
		285CF6B31B2022CC002DDD8E /* Sources */ = {
			isa = PBXSourcesBuildPhase;
			buildActionMask = 2147483647;
			files = (
				285CF6C01B2022CC002DDD8E /* AppDelegate.m in Sources */,
				285CF6E71B202421002DDD8E /* TestApp.m in Sources */,
				286BF7621B202AA600702E0C /* CustomDownloadOperation.m in Sources */,
				285CF6E21B202362002DDD8E /* TableViewController.m in Sources */,
				285CF6BD1B2022CC002DDD8E /* main.m in Sources */,
			);
			runOnlyForDeploymentPostprocessing = 0;
		};
		285CF6CC1B2022CC002DDD8E /* Sources */ = {
			isa = PBXSourcesBuildPhase;
			buildActionMask = 2147483647;
			files = (
				285CF6D71B2022CC002DDD8E /* Cell_ImageView_DownloadTests.m in Sources */,
			);
			runOnlyForDeploymentPostprocessing = 0;
		};
/* End PBXSourcesBuildPhase section */

/* Begin PBXTargetDependency section */
		285CF6D21B2022CC002DDD8E /* PBXTargetDependency */ = {
			isa = PBXTargetDependency;
			target = 285CF6B61B2022CC002DDD8E /* Cell_ImageView_Download */;
			targetProxy = 285CF6D11B2022CC002DDD8E /* PBXContainerItemProxy */;
		};
/* End PBXTargetDependency section */

/* Begin PBXVariantGroup section */
		285CF6C41B2022CC002DDD8E /* Main.storyboard */ = {
			isa = PBXVariantGroup;
			children = (
				285CF6C51B2022CC002DDD8E /* Base */,
			);
			name = Main.storyboard;
			sourceTree = "<group>";
		};
		285CF6C91B2022CC002DDD8E /* LaunchScreen.xib */ = {
			isa = PBXVariantGroup;
			children = (
				285CF6CA1B2022CC002DDD8E /* Base */,
			);
			name = LaunchScreen.xib;
			sourceTree = "<group>";
		};
/* End PBXVariantGroup section */

/* Begin XCBuildConfiguration section */
		285CF6D81B2022CC002DDD8E /* Debug */ = {
			isa = XCBuildConfiguration;
			buildSettings = {
				ALWAYS_SEARCH_USER_PATHS = NO;
				CLANG_CXX_LANGUAGE_STANDARD = "gnu++0x";
				CLANG_CXX_LIBRARY = "libc++";
				CLANG_ENABLE_MODULES = YES;
				CLANG_ENABLE_OBJC_ARC = YES;
				CLANG_WARN_BOOL_CONVERSION = YES;
				CLANG_WARN_CONSTANT_CONVERSION = YES;
				CLANG_WARN_DIRECT_OBJC_ISA_USAGE = YES_ERROR;
				CLANG_WARN_EMPTY_BODY = YES;
				CLANG_WARN_ENUM_CONVERSION = YES;
				CLANG_WARN_INT_CONVERSION = YES;
				CLANG_WARN_OBJC_ROOT_CLASS = YES_ERROR;
				CLANG_WARN_UNREACHABLE_CODE = YES;
				CLANG_WARN__DUPLICATE_METHOD_MATCH = YES;
				"CODE_SIGN_IDENTITY[sdk=iphoneos*]" = "iPhone Developer";
				COPY_PHASE_STRIP = NO;
				DEBUG_INFORMATION_FORMAT = "dwarf-with-dsym";
				ENABLE_STRICT_OBJC_MSGSEND = YES;
				GCC_C_LANGUAGE_STANDARD = gnu99;
				GCC_DYNAMIC_NO_PIC = NO;
				GCC_NO_COMMON_BLOCKS = YES;
				GCC_OPTIMIZATION_LEVEL = 0;
				GCC_PREPROCESSOR_DEFINITIONS = (
					"DEBUG=1",
					"$(inherited)",
				);
				GCC_SYMBOLS_PRIVATE_EXTERN = NO;
				GCC_WARN_64_TO_32_BIT_CONVERSION = YES;
				GCC_WARN_ABOUT_RETURN_TYPE = YES_ERROR;
				GCC_WARN_UNDECLARED_SELECTOR = YES;
				GCC_WARN_UNINITIALIZED_AUTOS = YES_AGGRESSIVE;
				GCC_WARN_UNUSED_FUNCTION = YES;
				GCC_WARN_UNUSED_VARIABLE = YES;
				IPHONEOS_DEPLOYMENT_TARGET = 8.3;
				MTL_ENABLE_DEBUG_INFO = YES;
				ONLY_ACTIVE_ARCH = YES;
				SDKROOT = iphoneos;
			};
			name = Debug;
		};
		285CF6D91B2022CC002DDD8E /* Release */ = {
			isa = XCBuildConfiguration;
			buildSettings = {
				ALWAYS_SEARCH_USER_PATHS = NO;
				CLANG_CXX_LANGUAGE_STANDARD = "gnu++0x";
				CLANG_CXX_LIBRARY = "libc++";
				CLANG_ENABLE_MODULES = YES;
				CLANG_ENABLE_OBJC_ARC = YES;
				CLANG_WARN_BOOL_CONVERSION = YES;
				CLANG_WARN_CONSTANT_CONVERSION = YES;
				CLANG_WARN_DIRECT_OBJC_ISA_USAGE = YES_ERROR;
				CLANG_WARN_EMPTY_BODY = YES;
				CLANG_WARN_ENUM_CONVERSION = YES;
				CLANG_WARN_INT_CONVERSION = YES;
				CLANG_WARN_OBJC_ROOT_CLASS = YES_ERROR;
				CLANG_WARN_UNREACHABLE_CODE = YES;
				CLANG_WARN__DUPLICATE_METHOD_MATCH = YES;
				"CODE_SIGN_IDENTITY[sdk=iphoneos*]" = "iPhone Developer";
				COPY_PHASE_STRIP = NO;
				DEBUG_INFORMATION_FORMAT = "dwarf-with-dsym";
				ENABLE_NS_ASSERTIONS = NO;
				ENABLE_STRICT_OBJC_MSGSEND = YES;
				GCC_C_LANGUAGE_STANDARD = gnu99;
				GCC_NO_COMMON_BLOCKS = YES;
				GCC_WARN_64_TO_32_BIT_CONVERSION = YES;
				GCC_WARN_ABOUT_RETURN_TYPE = YES_ERROR;
				GCC_WARN_UNDECLARED_SELECTOR = YES;
				GCC_WARN_UNINITIALIZED_AUTOS = YES_AGGRESSIVE;
				GCC_WARN_UNUSED_FUNCTION = YES;
				GCC_WARN_UNUSED_VARIABLE = YES;
				IPHONEOS_DEPLOYMENT_TARGET = 8.3;
				MTL_ENABLE_DEBUG_INFO = NO;
				SDKROOT = iphoneos;
				VALIDATE_PRODUCT = YES;
			};
			name = Release;
		};
		285CF6DB1B2022CC002DDD8E /* Debug */ = {
			isa = XCBuildConfiguration;
			buildSettings = {
				ASSETCATALOG_COMPILER_APPICON_NAME = AppIcon;
				INFOPLIST_FILE = Cell_ImageView_Download/Info.plist;
				LD_RUNPATH_SEARCH_PATHS = "$(inherited) @executable_path/Frameworks";
				PRODUCT_NAME = "$(TARGET_NAME)";
			};
			name = Debug;
		};
		285CF6DC1B2022CC002DDD8E /* Release */ = {
			isa = XCBuildConfiguration;
			buildSettings = {
				ASSETCATALOG_COMPILER_APPICON_NAME = AppIcon;
				INFOPLIST_FILE = Cell_ImageView_Download/Info.plist;
				LD_RUNPATH_SEARCH_PATHS = "$(inherited) @executable_path/Frameworks";
				PRODUCT_NAME = "$(TARGET_NAME)";
			};
			name = Release;
		};
		285CF6DE1B2022CC002DDD8E /* Debug */ = {
			isa = XCBuildConfiguration;
			buildSettings = {
				BUNDLE_LOADER = "$(TEST_HOST)";
				FRAMEWORK_SEARCH_PATHS = (
					"$(SDKROOT)/Developer/Library/Frameworks",
					"$(inherited)",
				);
				GCC_PREPROCESSOR_DEFINITIONS = (
					"DEBUG=1",
					"$(inherited)",
				);
				INFOPLIST_FILE = Cell_ImageView_DownloadTests/Info.plist;
				LD_RUNPATH_SEARCH_PATHS = "$(inherited) @executable_path/Frameworks @loader_path/Frameworks";
				PRODUCT_NAME = "$(TARGET_NAME)";
				TEST_HOST = "$(BUILT_PRODUCTS_DIR)/Cell_ImageView_Download.app/Cell_ImageView_Download";
			};
			name = Debug;
		};
		285CF6DF1B2022CC002DDD8E /* Release */ = {
			isa = XCBuildConfiguration;
			buildSettings = {
				BUNDLE_LOADER = "$(TEST_HOST)";
				FRAMEWORK_SEARCH_PATHS = (
					"$(SDKROOT)/Developer/Library/Frameworks",
					"$(inherited)",
				);
				INFOPLIST_FILE = Cell_ImageView_DownloadTests/Info.plist;
				LD_RUNPATH_SEARCH_PATHS = "$(inherited) @executable_path/Frameworks @loader_path/Frameworks";
				PRODUCT_NAME = "$(TARGET_NAME)";
				TEST_HOST = "$(BUILT_PRODUCTS_DIR)/Cell_ImageView_Download.app/Cell_ImageView_Download";
			};
			name = Release;
		};
/* End XCBuildConfiguration section */

/* Begin XCConfigurationList section */
		285CF6B21B2022CC002DDD8E /* Build configuration list for PBXProject "Cell_ImageView_Download" */ = {
			isa = XCConfigurationList;
			buildConfigurations = (
				285CF6D81B2022CC002DDD8E /* Debug */,
				285CF6D91B2022CC002DDD8E /* Release */,
			);
			defaultConfigurationIsVisible = 0;
			defaultConfigurationName = Release;
		};
		285CF6DA1B2022CC002DDD8E /* Build configuration list for PBXNativeTarget "Cell_ImageView_Download" */ = {
			isa = XCConfigurationList;
			buildConfigurations = (
				285CF6DB1B2022CC002DDD8E /* Debug */,
				285CF6DC1B2022CC002DDD8E /* Release */,
			);
			defaultConfigurationIsVisible = 0;
			defaultConfigurationName = Release;
		};
		285CF6DD1B2022CC002DDD8E /* Build configuration list for PBXNativeTarget "Cell_ImageView_DownloadTests" */ = {
			isa = XCConfigurationList;
			buildConfigurations = (
				285CF6DE1B2022CC002DDD8E /* Debug */,
				285CF6DF1B2022CC002DDD8E /* Release */,
			);
			defaultConfigurationIsVisible = 0;
			defaultConfigurationName = Release;
		};
/* End XCConfigurationList section */
	};
	rootObject = 285CF6AF1B2022CC002DDD8E /* Project object */;
}
