// !$*UTF8*$!
{
	archiveVersion = 1;
	classes = {
	};
	objectVersion = 46;
	objects = {

/* Begin PBXBuildFile section */
		28AD704E1B382C1C00ADF473 /* AppDelegate.swift in Sources */ = {isa = PBXBuildFile; fileRef = 28AD704D1B382C1C00ADF473 /* AppDelegate.swift */; };
		28AD70501B382C1C00ADF473 /* ViewController.swift in Sources */ = {isa = PBXBuildFile; fileRef = 28AD704F1B382C1C00ADF473 /* ViewController.swift */; };
		28AD70531B382C1C00ADF473 /* Main.storyboard in Resources */ = {isa = PBXBuildFile; fileRef = 28AD70511B382C1C00ADF473 /* Main.storyboard */; };
		28AD70551B382C1C00ADF473 /* Images.xcassets in Resources */ = {isa = PBXBuildFile; fileRef = 28AD70541B382C1C00ADF473 /* Images.xcassets */; };
		28AD70581B382C1C00ADF473 /* LaunchScreen.xib in Resources */ = {isa = PBXBuildFile; fileRef = 28AD70561B382C1C00ADF473 /* LaunchScreen.xib */; };
		28AD70641B382C1C00ADF473 /* TableView_SwiftTests.swift in Sources */ = {isa = PBXBuildFile; fileRef = 28AD70631B382C1C00ADF473 /* TableView_SwiftTests.swift */; };
/* End PBXBuildFile section */

/* Begin PBXContainerItemProxy section */
		28AD705E1B382C1C00ADF473 /* PBXContainerItemProxy */ = {
			isa = PBXContainerItemProxy;
			containerPortal = 28AD70401B382C1C00ADF473 /* Project object */;
			proxyType = 1;
			remoteGlobalIDString = 28AD70471B382C1C00ADF473;
			remoteInfo = "TableView-Swift";
		};
/* End PBXContainerItemProxy section */

/* Begin PBXFileReference section */
		28AD70481B382C1C00ADF473 /* TableView-Swift.app */ = {isa = PBXFileReference; explicitFileType = wrapper.application; includeInIndex = 0; path = "TableView-Swift.app"; sourceTree = BUILT_PRODUCTS_DIR; };
		28AD704C1B382C1C00ADF473 /* Info.plist */ = {isa = PBXFileReference; lastKnownFileType = text.plist.xml; path = Info.plist; sourceTree = "<group>"; };
		28AD704D1B382C1C00ADF473 /* AppDelegate.swift */ = {isa = PBXFileReference; lastKnownFileType = sourcecode.swift; path = AppDelegate.swift; sourceTree = "<group>"; };
		28AD704F1B382C1C00ADF473 /* ViewController.swift */ = {isa = PBXFileReference; lastKnownFileType = sourcecode.swift; path = ViewController.swift; sourceTree = "<group>"; };
		28AD70521B382C1C00ADF473 /* Base */ = {isa = PBXFileReference; lastKnownFileType = file.storyboard; name = Base; path = Base.lproj/Main.storyboard; sourceTree = "<group>"; };
		28AD70541B382C1C00ADF473 /* Images.xcassets */ = {isa = PBXFileReference; lastKnownFileType = folder.assetcatalog; path = Images.xcassets; sourceTree = "<group>"; };
		28AD70571B382C1C00ADF473 /* Base */ = {isa = PBXFileReference; lastKnownFileType = file.xib; name = Base; path = Base.lproj/LaunchScreen.xib; sourceTree = "<group>"; };
		28AD705D1B382C1C00ADF473 /* TableView-SwiftTests.xctest */ = {isa = PBXFileReference; explicitFileType = wrapper.cfbundle; includeInIndex = 0; path = "TableView-SwiftTests.xctest"; sourceTree = BUILT_PRODUCTS_DIR; };
		28AD70621B382C1C00ADF473 /* Info.plist */ = {isa = PBXFileReference; lastKnownFileType = text.plist.xml; path = Info.plist; sourceTree = "<group>"; };
		28AD70631B382C1C00ADF473 /* TableView_SwiftTests.swift */ = {isa = PBXFileReference; lastKnownFileType = sourcecode.swift; path = TableView_SwiftTests.swift; sourceTree = "<group>"; };
/* End PBXFileReference section */

/* Begin PBXFrameworksBuildPhase section */
		28AD70451B382C1C00ADF473 /* Frameworks */ = {
			isa = PBXFrameworksBuildPhase;
			buildActionMask = 2147483647;
			files = (
			);
			runOnlyForDeploymentPostprocessing = 0;
		};
		28AD705A1B382C1C00ADF473 /* Frameworks */ = {
			isa = PBXFrameworksBuildPhase;
			buildActionMask = 2147483647;
			files = (
			);
			runOnlyForDeploymentPostprocessing = 0;
		};
/* End PBXFrameworksBuildPhase section */

/* Begin PBXGroup section */
		28AD703F1B382C1C00ADF473 = {
			isa = PBXGroup;
			children = (
				28AD704A1B382C1C00ADF473 /* TableView-Swift */,
				28AD70601B382C1C00ADF473 /* TableView-SwiftTests */,
				28AD70491B382C1C00ADF473 /* Products */,
			);
			sourceTree = "<group>";
		};
		28AD70491B382C1C00ADF473 /* Products */ = {
			isa = PBXGroup;
			children = (
				28AD70481B382C1C00ADF473 /* TableView-Swift.app */,
				28AD705D1B382C1C00ADF473 /* TableView-SwiftTests.xctest */,
			);
			name = Products;
			sourceTree = "<group>";
		};
		28AD704A1B382C1C00ADF473 /* TableView-Swift */ = {
			isa = PBXGroup;
			children = (
				28AD704D1B382C1C00ADF473 /* AppDelegate.swift */,
				28AD704F1B382C1C00ADF473 /* ViewController.swift */,
				28AD70511B382C1C00ADF473 /* Main.storyboard */,
				28AD70541B382C1C00ADF473 /* Images.xcassets */,
				28AD70561B382C1C00ADF473 /* LaunchScreen.xib */,
				28AD704B1B382C1C00ADF473 /* Supporting Files */,
			);
			path = "TableView-Swift";
			sourceTree = "<group>";
		};
		28AD704B1B382C1C00ADF473 /* Supporting Files */ = {
			isa = PBXGroup;
			children = (
				28AD704C1B382C1C00ADF473 /* Info.plist */,
			);
			name = "Supporting Files";
			sourceTree = "<group>";
		};
		28AD70601B382C1C00ADF473 /* TableView-SwiftTests */ = {
			isa = PBXGroup;
			children = (
				28AD70631B382C1C00ADF473 /* TableView_SwiftTests.swift */,
				28AD70611B382C1C00ADF473 /* Supporting Files */,
			);
			path = "TableView-SwiftTests";
			sourceTree = "<group>";
		};
		28AD70611B382C1C00ADF473 /* Supporting Files */ = {
			isa = PBXGroup;
			children = (
				28AD70621B382C1C00ADF473 /* Info.plist */,
			);
			name = "Supporting Files";
			sourceTree = "<group>";
		};
/* End PBXGroup section */

/* Begin PBXNativeTarget section */
		28AD70471B382C1C00ADF473 /* TableView-Swift */ = {
			isa = PBXNativeTarget;
			buildConfigurationList = 28AD70671B382C1C00ADF473 /* Build configuration list for PBXNativeTarget "TableView-Swift" */;
			buildPhases = (
				28AD70441B382C1C00ADF473 /* Sources */,
				28AD70451B382C1C00ADF473 /* Frameworks */,
				28AD70461B382C1C00ADF473 /* Resources */,
			);
			buildRules = (
			);
			dependencies = (
			);
			name = "TableView-Swift";
			productName = "TableView-Swift";
			productReference = 28AD70481B382C1C00ADF473 /* TableView-Swift.app */;
			productType = "com.apple.product-type.application";
		};
		28AD705C1B382C1C00ADF473 /* TableView-SwiftTests */ = {
			isa = PBXNativeTarget;
			buildConfigurationList = 28AD706A1B382C1C00ADF473 /* Build configuration list for PBXNativeTarget "TableView-SwiftTests" */;
			buildPhases = (
				28AD70591B382C1C00ADF473 /* Sources */,
				28AD705A1B382C1C00ADF473 /* Frameworks */,
				28AD705B1B382C1C00ADF473 /* Resources */,
			);
			buildRules = (
			);
			dependencies = (
				28AD705F1B382C1C00ADF473 /* PBXTargetDependency */,
			);
			name = "TableView-SwiftTests";
			productName = "TableView-SwiftTests";
			productReference = 28AD705D1B382C1C00ADF473 /* TableView-SwiftTests.xctest */;
			productType = "com.apple.product-type.bundle.unit-test";
		};
/* End PBXNativeTarget section */

/* Begin PBXProject section */
		28AD70401B382C1C00ADF473 /* Project object */ = {
			isa = PBXProject;
			attributes = {
				LastUpgradeCheck = 0630;
				ORGANIZATIONNAME = Van;
				TargetAttributes = {
					28AD70471B382C1C00ADF473 = {
						CreatedOnToolsVersion = 6.3.2;
					};
					28AD705C1B382C1C00ADF473 = {
						CreatedOnToolsVersion = 6.3.2;
						TestTargetID = 28AD70471B382C1C00ADF473;
					};
				};
			};
			buildConfigurationList = 28AD70431B382C1C00ADF473 /* Build configuration list for PBXProject "TableView-Swift" */;
			compatibilityVersion = "Xcode 3.2";
			developmentRegion = English;
			hasScannedForEncodings = 0;
			knownRegions = (
				en,
				Base,
			);
			mainGroup = 28AD703F1B382C1C00ADF473;
			productRefGroup = 28AD70491B382C1C00ADF473 /* Products */;
			projectDirPath = "";
			projectRoot = "";
			targets = (
				28AD70471B382C1C00ADF473 /* TableView-Swift */,
				28AD705C1B382C1C00ADF473 /* TableView-SwiftTests */,
			);
		};
/* End PBXProject section */

/* Begin PBXResourcesBuildPhase section */
		28AD70461B382C1C00ADF473 /* Resources */ = {
			isa = PBXResourcesBuildPhase;
			buildActionMask = 2147483647;
			files = (
				28AD70531B382C1C00ADF473 /* Main.storyboard in Resources */,
				28AD70581B382C1C00ADF473 /* LaunchScreen.xib in Resources */,
				28AD70551B382C1C00ADF473 /* Images.xcassets in Resources */,
			);
			runOnlyForDeploymentPostprocessing = 0;
		};
		28AD705B1B382C1C00ADF473 /* Resources */ = {
			isa = PBXResourcesBuildPhase;
			buildActionMask = 2147483647;
			files = (
			);
			runOnlyForDeploymentPostprocessing = 0;
		};
/* End PBXResourcesBuildPhase section */

/* Begin PBXSourcesBuildPhase section */
		28AD70441B382C1C00ADF473 /* Sources */ = {
			isa = PBXSourcesBuildPhase;
			buildActionMask = 2147483647;
			files = (
				28AD70501B382C1C00ADF473 /* ViewController.swift in Sources */,
				28AD704E1B382C1C00ADF473 /* AppDelegate.swift in Sources */,
			);
			runOnlyForDeploymentPostprocessing = 0;
		};
		28AD70591B382C1C00ADF473 /* Sources */ = {
			isa = PBXSourcesBuildPhase;
			buildActionMask = 2147483647;
			files = (
				28AD70641B382C1C00ADF473 /* TableView_SwiftTests.swift in Sources */,
			);
			runOnlyForDeploymentPostprocessing = 0;
		};
/* End PBXSourcesBuildPhase section */

/* Begin PBXTargetDependency section */
		28AD705F1B382C1C00ADF473 /* PBXTargetDependency */ = {
			isa = PBXTargetDependency;
			target = 28AD70471B382C1C00ADF473 /* TableView-Swift */;
			targetProxy = 28AD705E1B382C1C00ADF473 /* PBXContainerItemProxy */;
		};
/* End PBXTargetDependency section */

/* Begin PBXVariantGroup section */
		28AD70511B382C1C00ADF473 /* Main.storyboard */ = {
			isa = PBXVariantGroup;
			children = (
				28AD70521B382C1C00ADF473 /* Base */,
			);
			name = Main.storyboard;
			sourceTree = "<group>";
		};
		28AD70561B382C1C00ADF473 /* LaunchScreen.xib */ = {
			isa = PBXVariantGroup;
			children = (
				28AD70571B382C1C00ADF473 /* Base */,
			);
			name = LaunchScreen.xib;
			sourceTree = "<group>";
		};
/* End PBXVariantGroup section */

/* Begin XCBuildConfiguration section */
		28AD70651B382C1C00ADF473 /* Debug */ = {
			isa = XCBuildConfiguration;
			buildSettings = {
				ALWAYS_SEARCH_USER_PATHS = NO;
				CLANG_CXX_LANGUAGE_STANDARD = "gnu++0x";
				CLANG_CXX_LIBRARY = "libc++";
				CLANG_ENABLE_MODULES = YES;
				CLANG_ENABLE_OBJC_ARC = YES;
				CLANG_WARN_BOOL_CONVERSION = YES;
				CLANG_WARN_CONSTANT_CONVERSION = YES;
				CLANG_WARN_DIRECT_OBJC_ISA_USAGE = YES_ERROR;
				CLANG_WARN_EMPTY_BODY = YES;
				CLANG_WARN_ENUM_CONVERSION = YES;
				CLANG_WARN_INT_CONVERSION = YES;
				CLANG_WARN_OBJC_ROOT_CLASS = YES_ERROR;
				CLANG_WARN_UNREACHABLE_CODE = YES;
				CLANG_WARN__DUPLICATE_METHOD_MATCH = YES;
				"CODE_SIGN_IDENTITY[sdk=iphoneos*]" = "iPhone Developer";
				COPY_PHASE_STRIP = NO;
				DEBUG_INFORMATION_FORMAT = "dwarf-with-dsym";
				ENABLE_STRICT_OBJC_MSGSEND = YES;
				GCC_C_LANGUAGE_STANDARD = gnu99;
				GCC_DYNAMIC_NO_PIC = NO;
				GCC_NO_COMMON_BLOCKS = YES;
				GCC_OPTIMIZATION_LEVEL = 0;
				GCC_PREPROCESSOR_DEFINITIONS = (
					"DEBUG=1",
					"$(inherited)",
				);
				GCC_SYMBOLS_PRIVATE_EXTERN = NO;
				GCC_WARN_64_TO_32_BIT_CONVERSION = YES;
				GCC_WARN_ABOUT_RETURN_TYPE = YES_ERROR;
				GCC_WARN_UNDECLARED_SELECTOR = YES;
				GCC_WARN_UNINITIALIZED_AUTOS = YES_AGGRESSIVE;
				GCC_WARN_UNUSED_FUNCTION = YES;
				GCC_WARN_UNUSED_VARIABLE = YES;
				IPHONEOS_DEPLOYMENT_TARGET = 8.3;
				MTL_ENABLE_DEBUG_INFO = YES;
				ONLY_ACTIVE_ARCH = YES;
				SDKROOT = iphoneos;
				SWIFT_OPTIMIZATION_LEVEL = "-Onone";
			};
			name = Debug;
		};
		28AD70661B382C1C00ADF473 /* Release */ = {
			isa = XCBuildConfiguration;
			buildSettings = {
				ALWAYS_SEARCH_USER_PATHS = NO;
				CLANG_CXX_LANGUAGE_STANDARD = "gnu++0x";
				CLANG_CXX_LIBRARY = "libc++";
				CLANG_ENABLE_MODULES = YES;
				CLANG_ENABLE_OBJC_ARC = YES;
				CLANG_WARN_BOOL_CONVERSION = YES;
				CLANG_WARN_CONSTANT_CONVERSION = YES;
				CLANG_WARN_DIRECT_OBJC_ISA_USAGE = YES_ERROR;
				CLANG_WARN_EMPTY_BODY = YES;
				CLANG_WARN_ENUM_CONVERSION = YES;
				CLANG_WARN_INT_CONVERSION = YES;
				CLANG_WARN_OBJC_ROOT_CLASS = YES_ERROR;
				CLANG_WARN_UNREACHABLE_CODE = YES;
				CLANG_WARN__DUPLICATE_METHOD_MATCH = YES;
				"CODE_SIGN_IDENTITY[sdk=iphoneos*]" = "iPhone Developer";
				COPY_PHASE_STRIP = NO;
				DEBUG_INFORMATION_FORMAT = "dwarf-with-dsym";
				ENABLE_NS_ASSERTIONS = NO;
				ENABLE_STRICT_OBJC_MSGSEND = YES;
				GCC_C_LANGUAGE_STANDARD = gnu99;
				GCC_NO_COMMON_BLOCKS = YES;
				GCC_WARN_64_TO_32_BIT_CONVERSION = YES;
				GCC_WARN_ABOUT_RETURN_TYPE = YES_ERROR;
				GCC_WARN_UNDECLARED_SELECTOR = YES;
				GCC_WARN_UNINITIALIZED_AUTOS = YES_AGGRESSIVE;
				GCC_WARN_UNUSED_FUNCTION = YES;
				GCC_WARN_UNUSED_VARIABLE = YES;
				IPHONEOS_DEPLOYMENT_TARGET = 8.3;
				MTL_ENABLE_DEBUG_INFO = NO;
				SDKROOT = iphoneos;
				VALIDATE_PRODUCT = YES;
			};
			name = Release;
		};
		28AD70681B382C1C00ADF473 /* Debug */ = {
			isa = XCBuildConfiguration;
			buildSettings = {
				ASSETCATALOG_COMPILER_APPICON_NAME = AppIcon;
				INFOPLIST_FILE = "TableView-Swift/Info.plist";
				LD_RUNPATH_SEARCH_PATHS = "$(inherited) @executable_path/Frameworks";
				PRODUCT_NAME = "$(TARGET_NAME)";
			};
			name = Debug;
		};
		28AD70691B382C1C00ADF473 /* Release */ = {
			isa = XCBuildConfiguration;
			buildSettings = {
				ASSETCATALOG_COMPILER_APPICON_NAME = AppIcon;
				INFOPLIST_FILE = "TableView-Swift/Info.plist";
				LD_RUNPATH_SEARCH_PATHS = "$(inherited) @executable_path/Frameworks";
				PRODUCT_NAME = "$(TARGET_NAME)";
			};
			name = Release;
		};
		28AD706B1B382C1C00ADF473 /* Debug */ = {
			isa = XCBuildConfiguration;
			buildSettings = {
				BUNDLE_LOADER = "$(TEST_HOST)";
				FRAMEWORK_SEARCH_PATHS = (
					"$(SDKROOT)/Developer/Library/Frameworks",
					"$(inherited)",
				);
				GCC_PREPROCESSOR_DEFINITIONS = (
					"DEBUG=1",
					"$(inherited)",
				);
				INFOPLIST_FILE = "TableView-SwiftTests/Info.plist";
				LD_RUNPATH_SEARCH_PATHS = "$(inherited) @executable_path/Frameworks @loader_path/Frameworks";
				PRODUCT_NAME = "$(TARGET_NAME)";
				TEST_HOST = "$(BUILT_PRODUCTS_DIR)/TableView-Swift.app/TableView-Swift";
			};
			name = Debug;
		};
		28AD706C1B382C1C00ADF473 /* Release */ = {
			isa = XCBuildConfiguration;
			buildSettings = {
				BUNDLE_LOADER = "$(TEST_HOST)";
				FRAMEWORK_SEARCH_PATHS = (
					"$(SDKROOT)/Developer/Library/Frameworks",
					"$(inherited)",
				);
				INFOPLIST_FILE = "TableView-SwiftTests/Info.plist";
				LD_RUNPATH_SEARCH_PATHS = "$(inherited) @executable_path/Frameworks @loader_path/Frameworks";
				PRODUCT_NAME = "$(TARGET_NAME)";
				TEST_HOST = "$(BUILT_PRODUCTS_DIR)/TableView-Swift.app/TableView-Swift";
			};
			name = Release;
		};
/* End XCBuildConfiguration section */

/* Begin XCConfigurationList section */
		28AD70431B382C1C00ADF473 /* Build configuration list for PBXProject "TableView-Swift" */ = {
			isa = XCConfigurationList;
			buildConfigurations = (
				28AD70651B382C1C00ADF473 /* Debug */,
				28AD70661B382C1C00ADF473 /* Release */,
			);
			defaultConfigurationIsVisible = 0;
			defaultConfigurationName = Release;
		};
		28AD70671B382C1C00ADF473 /* Build configuration list for PBXNativeTarget "TableView-Swift" */ = {
			isa = XCConfigurationList;
			buildConfigurations = (
				28AD70681B382C1C00ADF473 /* Debug */,
				28AD70691B382C1C00ADF473 /* Release */,
			);
			defaultConfigurationIsVisible = 0;
		};
		28AD706A1B382C1C00ADF473 /* Build configuration list for PBXNativeTarget "TableView-SwiftTests" */ = {
			isa = XCConfigurationList;
			buildConfigurations = (
				28AD706B1B382C1C00ADF473 /* Debug */,
				28AD706C1B382C1C00ADF473 /* Release */,
			);
			defaultConfigurationIsVisible = 0;
		};
/* End XCConfigurationList section */
	};
	rootObject = 28AD70401B382C1C00ADF473 /* Project object */;
}
