// !$*UTF8*$!
{
	archiveVersion = 1;
	classes = {
	};
	objectVersion = 46;
	objects = {

/* Begin PBXBuildFile section */
		286BD9EB1B31A214004C3634 /* main.m in Sources */ = {isa = PBXBuildFile; fileRef = 286BD9EA1B31A214004C3634 /* main.m */; };
		286BD9EE1B31A214004C3634 /* AppDelegate.m in Sources */ = {isa = PBXBuildFile; fileRef = 286BD9ED1B31A214004C3634 /* AppDelegate.m */; };
		286BD9F11B31A214004C3634 /* ViewController.m in Sources */ = {isa = PBXBuildFile; fileRef = 286BD9F01B31A214004C3634 /* ViewController.m */; };
		286BD9F41B31A214004C3634 /* Main.storyboard in Resources */ = {isa = PBXBuildFile; fileRef = 286BD9F21B31A214004C3634 /* Main.storyboard */; };
		286BD9F61B31A214004C3634 /* Images.xcassets in Resources */ = {isa = PBXBuildFile; fileRef = 286BD9F51B31A214004C3634 /* Images.xcassets */; };
		286BD9F91B31A214004C3634 /* LaunchScreen.xib in Resources */ = {isa = PBXBuildFile; fileRef = 286BD9F71B31A214004C3634 /* LaunchScreen.xib */; };
		286BDA051B31A214004C3634 /* DrawRouteTests.m in Sources */ = {isa = PBXBuildFile; fileRef = 286BDA041B31A214004C3634 /* DrawRouteTests.m */; };
/* End PBXBuildFile section */

/* Begin PBXContainerItemProxy section */
		286BD9FF1B31A214004C3634 /* PBXContainerItemProxy */ = {
			isa = PBXContainerItemProxy;
			containerPortal = 286BD9DD1B31A214004C3634 /* Project object */;
			proxyType = 1;
			remoteGlobalIDString = 286BD9E41B31A214004C3634;
			remoteInfo = DrawRoute;
		};
/* End PBXContainerItemProxy section */

/* Begin PBXFileReference section */
		286BD9E51B31A214004C3634 /* DrawRoute.app */ = {isa = PBXFileReference; explicitFileType = wrapper.application; includeInIndex = 0; path = DrawRoute.app; sourceTree = BUILT_PRODUCTS_DIR; };
		286BD9E91B31A214004C3634 /* Info.plist */ = {isa = PBXFileReference; lastKnownFileType = text.plist.xml; path = Info.plist; sourceTree = "<group>"; };
		286BD9EA1B31A214004C3634 /* main.m */ = {isa = PBXFileReference; lastKnownFileType = sourcecode.c.objc; path = main.m; sourceTree = "<group>"; };
		286BD9EC1B31A214004C3634 /* AppDelegate.h */ = {isa = PBXFileReference; lastKnownFileType = sourcecode.c.h; path = AppDelegate.h; sourceTree = "<group>"; };
		286BD9ED1B31A214004C3634 /* AppDelegate.m */ = {isa = PBXFileReference; lastKnownFileType = sourcecode.c.objc; path = AppDelegate.m; sourceTree = "<group>"; };
		286BD9EF1B31A214004C3634 /* ViewController.h */ = {isa = PBXFileReference; lastKnownFileType = sourcecode.c.h; path = ViewController.h; sourceTree = "<group>"; };
		286BD9F01B31A214004C3634 /* ViewController.m */ = {isa = PBXFileReference; lastKnownFileType = sourcecode.c.objc; path = ViewController.m; sourceTree = "<group>"; };
		286BD9F31B31A214004C3634 /* Base */ = {isa = PBXFileReference; lastKnownFileType = file.storyboard; name = Base; path = Base.lproj/Main.storyboard; sourceTree = "<group>"; };
		286BD9F51B31A214004C3634 /* Images.xcassets */ = {isa = PBXFileReference; lastKnownFileType = folder.assetcatalog; path = Images.xcassets; sourceTree = "<group>"; };
		286BD9F81B31A214004C3634 /* Base */ = {isa = PBXFileReference; lastKnownFileType = file.xib; name = Base; path = Base.lproj/LaunchScreen.xib; sourceTree = "<group>"; };
		286BD9FE1B31A214004C3634 /* DrawRouteTests.xctest */ = {isa = PBXFileReference; explicitFileType = wrapper.cfbundle; includeInIndex = 0; path = DrawRouteTests.xctest; sourceTree = BUILT_PRODUCTS_DIR; };
		286BDA031B31A214004C3634 /* Info.plist */ = {isa = PBXFileReference; lastKnownFileType = text.plist.xml; path = Info.plist; sourceTree = "<group>"; };
		286BDA041B31A214004C3634 /* DrawRouteTests.m */ = {isa = PBXFileReference; lastKnownFileType = sourcecode.c.objc; path = DrawRouteTests.m; sourceTree = "<group>"; };
/* End PBXFileReference section */

/* Begin PBXFrameworksBuildPhase section */
		286BD9E21B31A214004C3634 /* Frameworks */ = {
			isa = PBXFrameworksBuildPhase;
			buildActionMask = 2147483647;
			files = (
			);
			runOnlyForDeploymentPostprocessing = 0;
		};
		286BD9FB1B31A214004C3634 /* Frameworks */ = {
			isa = PBXFrameworksBuildPhase;
			buildActionMask = 2147483647;
			files = (
			);
			runOnlyForDeploymentPostprocessing = 0;
		};
/* End PBXFrameworksBuildPhase section */

/* Begin PBXGroup section */
		286BD9DC1B31A214004C3634 = {
			isa = PBXGroup;
			children = (
				286BD9E71B31A214004C3634 /* DrawRoute */,
				286BDA011B31A214004C3634 /* DrawRouteTests */,
				286BD9E61B31A214004C3634 /* Products */,
			);
			sourceTree = "<group>";
		};
		286BD9E61B31A214004C3634 /* Products */ = {
			isa = PBXGroup;
			children = (
				286BD9E51B31A214004C3634 /* DrawRoute.app */,
				286BD9FE1B31A214004C3634 /* DrawRouteTests.xctest */,
			);
			name = Products;
			sourceTree = "<group>";
		};
		286BD9E71B31A214004C3634 /* DrawRoute */ = {
			isa = PBXGroup;
			children = (
				286BD9EC1B31A214004C3634 /* AppDelegate.h */,
				286BD9ED1B31A214004C3634 /* AppDelegate.m */,
				286BD9EF1B31A214004C3634 /* ViewController.h */,
				286BD9F01B31A214004C3634 /* ViewController.m */,
				286BD9F21B31A214004C3634 /* Main.storyboard */,
				286BD9F51B31A214004C3634 /* Images.xcassets */,
				286BD9F71B31A214004C3634 /* LaunchScreen.xib */,
				286BD9E81B31A214004C3634 /* Supporting Files */,
			);
			path = DrawRoute;
			sourceTree = "<group>";
		};
		286BD9E81B31A214004C3634 /* Supporting Files */ = {
			isa = PBXGroup;
			children = (
				286BD9E91B31A214004C3634 /* Info.plist */,
				286BD9EA1B31A214004C3634 /* main.m */,
			);
			name = "Supporting Files";
			sourceTree = "<group>";
		};
		286BDA011B31A214004C3634 /* DrawRouteTests */ = {
			isa = PBXGroup;
			children = (
				286BDA041B31A214004C3634 /* DrawRouteTests.m */,
				286BDA021B31A214004C3634 /* Supporting Files */,
			);
			path = DrawRouteTests;
			sourceTree = "<group>";
		};
		286BDA021B31A214004C3634 /* Supporting Files */ = {
			isa = PBXGroup;
			children = (
				286BDA031B31A214004C3634 /* Info.plist */,
			);
			name = "Supporting Files";
			sourceTree = "<group>";
		};
/* End PBXGroup section */

/* Begin PBXNativeTarget section */
		286BD9E41B31A214004C3634 /* DrawRoute */ = {
			isa = PBXNativeTarget;
			buildConfigurationList = 286BDA081B31A214004C3634 /* Build configuration list for PBXNativeTarget "DrawRoute" */;
			buildPhases = (
				286BD9E11B31A214004C3634 /* Sources */,
				286BD9E21B31A214004C3634 /* Frameworks */,
				286BD9E31B31A214004C3634 /* Resources */,
			);
			buildRules = (
			);
			dependencies = (
			);
			name = DrawRoute;
			productName = DrawRoute;
			productReference = 286BD9E51B31A214004C3634 /* DrawRoute.app */;
			productType = "com.apple.product-type.application";
		};
		286BD9FD1B31A214004C3634 /* DrawRouteTests */ = {
			isa = PBXNativeTarget;
			buildConfigurationList = 286BDA0B1B31A214004C3634 /* Build configuration list for PBXNativeTarget "DrawRouteTests" */;
			buildPhases = (
				286BD9FA1B31A214004C3634 /* Sources */,
				286BD9FB1B31A214004C3634 /* Frameworks */,
				286BD9FC1B31A214004C3634 /* Resources */,
			);
			buildRules = (
			);
			dependencies = (
				286BDA001B31A214004C3634 /* PBXTargetDependency */,
			);
			name = DrawRouteTests;
			productName = DrawRouteTests;
			productReference = 286BD9FE1B31A214004C3634 /* DrawRouteTests.xctest */;
			productType = "com.apple.product-type.bundle.unit-test";
		};
/* End PBXNativeTarget section */

/* Begin PBXProject section */
		286BD9DD1B31A214004C3634 /* Project object */ = {
			isa = PBXProject;
			attributes = {
				LastUpgradeCheck = 0630;
				ORGANIZATIONNAME = Van;
				TargetAttributes = {
					286BD9E41B31A214004C3634 = {
						CreatedOnToolsVersion = 6.3.2;
					};
					286BD9FD1B31A214004C3634 = {
						CreatedOnToolsVersion = 6.3.2;
						TestTargetID = 286BD9E41B31A214004C3634;
					};
				};
			};
			buildConfigurationList = 286BD9E01B31A214004C3634 /* Build configuration list for PBXProject "DrawRoute" */;
			compatibilityVersion = "Xcode 3.2";
			developmentRegion = English;
			hasScannedForEncodings = 0;
			knownRegions = (
				en,
				Base,
			);
			mainGroup = 286BD9DC1B31A214004C3634;
			productRefGroup = 286BD9E61B31A214004C3634 /* Products */;
			projectDirPath = "";
			projectRoot = "";
			targets = (
				286BD9E41B31A214004C3634 /* DrawRoute */,
				286BD9FD1B31A214004C3634 /* DrawRouteTests */,
			);
		};
/* End PBXProject section */

/* Begin PBXResourcesBuildPhase section */
		286BD9E31B31A214004C3634 /* Resources */ = {
			isa = PBXResourcesBuildPhase;
			buildActionMask = 2147483647;
			files = (
				286BD9F41B31A214004C3634 /* Main.storyboard in Resources */,
				286BD9F91B31A214004C3634 /* LaunchScreen.xib in Resources */,
				286BD9F61B31A214004C3634 /* Images.xcassets in Resources */,
			);
			runOnlyForDeploymentPostprocessing = 0;
		};
		286BD9FC1B31A214004C3634 /* Resources */ = {
			isa = PBXResourcesBuildPhase;
			buildActionMask = 2147483647;
			files = (
			);
			runOnlyForDeploymentPostprocessing = 0;
		};
/* End PBXResourcesBuildPhase section */

/* Begin PBXSourcesBuildPhase section */
		286BD9E11B31A214004C3634 /* Sources */ = {
			isa = PBXSourcesBuildPhase;
			buildActionMask = 2147483647;
			files = (
				286BD9F11B31A214004C3634 /* ViewController.m in Sources */,
				286BD9EE1B31A214004C3634 /* AppDelegate.m in Sources */,
				286BD9EB1B31A214004C3634 /* main.m in Sources */,
			);
			runOnlyForDeploymentPostprocessing = 0;
		};
		286BD9FA1B31A214004C3634 /* Sources */ = {
			isa = PBXSourcesBuildPhase;
			buildActionMask = 2147483647;
			files = (
				286BDA051B31A214004C3634 /* DrawRouteTests.m in Sources */,
			);
			runOnlyForDeploymentPostprocessing = 0;
		};
/* End PBXSourcesBuildPhase section */

/* Begin PBXTargetDependency section */
		286BDA001B31A214004C3634 /* PBXTargetDependency */ = {
			isa = PBXTargetDependency;
			target = 286BD9E41B31A214004C3634 /* DrawRoute */;
			targetProxy = 286BD9FF1B31A214004C3634 /* PBXContainerItemProxy */;
		};
/* End PBXTargetDependency section */

/* Begin PBXVariantGroup section */
		286BD9F21B31A214004C3634 /* Main.storyboard */ = {
			isa = PBXVariantGroup;
			children = (
				286BD9F31B31A214004C3634 /* Base */,
			);
			name = Main.storyboard;
			sourceTree = "<group>";
		};
		286BD9F71B31A214004C3634 /* LaunchScreen.xib */ = {
			isa = PBXVariantGroup;
			children = (
				286BD9F81B31A214004C3634 /* Base */,
			);
			name = LaunchScreen.xib;
			sourceTree = "<group>";
		};
/* End PBXVariantGroup section */

/* Begin XCBuildConfiguration section */
		286BDA061B31A214004C3634 /* Debug */ = {
			isa = XCBuildConfiguration;
			buildSettings = {
				ALWAYS_SEARCH_USER_PATHS = NO;
				CLANG_CXX_LANGUAGE_STANDARD = "gnu++0x";
				CLANG_CXX_LIBRARY = "libc++";
				CLANG_ENABLE_MODULES = YES;
				CLANG_ENABLE_OBJC_ARC = YES;
				CLANG_WARN_BOOL_CONVERSION = YES;
				CLANG_WARN_CONSTANT_CONVERSION = YES;
				CLANG_WARN_DIRECT_OBJC_ISA_USAGE = YES_ERROR;
				CLANG_WARN_EMPTY_BODY = YES;
				CLANG_WARN_ENUM_CONVERSION = YES;
				CLANG_WARN_INT_CONVERSION = YES;
				CLANG_WARN_OBJC_ROOT_CLASS = YES_ERROR;
				CLANG_WARN_UNREACHABLE_CODE = YES;
				CLANG_WARN__DUPLICATE_METHOD_MATCH = YES;
				"CODE_SIGN_IDENTITY[sdk=iphoneos*]" = "iPhone Developer";
				COPY_PHASE_STRIP = NO;
				DEBUG_INFORMATION_FORMAT = "dwarf-with-dsym";
				ENABLE_STRICT_OBJC_MSGSEND = YES;
				GCC_C_LANGUAGE_STANDARD = gnu99;
				GCC_DYNAMIC_NO_PIC = NO;
				GCC_NO_COMMON_BLOCKS = YES;
				GCC_OPTIMIZATION_LEVEL = 0;
				GCC_PREPROCESSOR_DEFINITIONS = (
					"DEBUG=1",
					"$(inherited)",
				);
				GCC_SYMBOLS_PRIVATE_EXTERN = NO;
				GCC_WARN_64_TO_32_BIT_CONVERSION = YES;
				GCC_WARN_ABOUT_RETURN_TYPE = YES_ERROR;
				GCC_WARN_UNDECLARED_SELECTOR = YES;
				GCC_WARN_UNINITIALIZED_AUTOS = YES_AGGRESSIVE;
				GCC_WARN_UNUSED_FUNCTION = YES;
				GCC_WARN_UNUSED_VARIABLE = YES;
				IPHONEOS_DEPLOYMENT_TARGET = 8.3;
				MTL_ENABLE_DEBUG_INFO = YES;
				ONLY_ACTIVE_ARCH = YES;
				SDKROOT = iphoneos;
			};
			name = Debug;
		};
		286BDA071B31A214004C3634 /* Release */ = {
			isa = XCBuildConfiguration;
			buildSettings = {
				ALWAYS_SEARCH_USER_PATHS = NO;
				CLANG_CXX_LANGUAGE_STANDARD = "gnu++0x";
				CLANG_CXX_LIBRARY = "libc++";
				CLANG_ENABLE_MODULES = YES;
				CLANG_ENABLE_OBJC_ARC = YES;
				CLANG_WARN_BOOL_CONVERSION = YES;
				CLANG_WARN_CONSTANT_CONVERSION = YES;
				CLANG_WARN_DIRECT_OBJC_ISA_USAGE = YES_ERROR;
				CLANG_WARN_EMPTY_BODY = YES;
				CLANG_WARN_ENUM_CONVERSION = YES;
				CLANG_WARN_INT_CONVERSION = YES;
				CLANG_WARN_OBJC_ROOT_CLASS = YES_ERROR;
				CLANG_WARN_UNREACHABLE_CODE = YES;
				CLANG_WARN__DUPLICATE_METHOD_MATCH = YES;
				"CODE_SIGN_IDENTITY[sdk=iphoneos*]" = "iPhone Developer";
				COPY_PHASE_STRIP = NO;
				DEBUG_INFORMATION_FORMAT = "dwarf-with-dsym";
				ENABLE_NS_ASSERTIONS = NO;
				ENABLE_STRICT_OBJC_MSGSEND = YES;
				GCC_C_LANGUAGE_STANDARD = gnu99;
				GCC_NO_COMMON_BLOCKS = YES;
				GCC_WARN_64_TO_32_BIT_CONVERSION = YES;
				GCC_WARN_ABOUT_RETURN_TYPE = YES_ERROR;
				GCC_WARN_UNDECLARED_SELECTOR = YES;
				GCC_WARN_UNINITIALIZED_AUTOS = YES_AGGRESSIVE;
				GCC_WARN_UNUSED_FUNCTION = YES;
				GCC_WARN_UNUSED_VARIABLE = YES;
				IPHONEOS_DEPLOYMENT_TARGET = 8.3;
				MTL_ENABLE_DEBUG_INFO = NO;
				SDKROOT = iphoneos;
				VALIDATE_PRODUCT = YES;
			};
			name = Release;
		};
		286BDA091B31A214004C3634 /* Debug */ = {
			isa = XCBuildConfiguration;
			buildSettings = {
				ASSETCATALOG_COMPILER_APPICON_NAME = AppIcon;
				INFOPLIST_FILE = DrawRoute/Info.plist;
				LD_RUNPATH_SEARCH_PATHS = "$(inherited) @executable_path/Frameworks";
				PRODUCT_NAME = "$(TARGET_NAME)";
			};
			name = Debug;
		};
		286BDA0A1B31A214004C3634 /* Release */ = {
			isa = XCBuildConfiguration;
			buildSettings = {
				ASSETCATALOG_COMPILER_APPICON_NAME = AppIcon;
				INFOPLIST_FILE = DrawRoute/Info.plist;
				LD_RUNPATH_SEARCH_PATHS = "$(inherited) @executable_path/Frameworks";
				PRODUCT_NAME = "$(TARGET_NAME)";
			};
			name = Release;
		};
		286BDA0C1B31A214004C3634 /* Debug */ = {
			isa = XCBuildConfiguration;
			buildSettings = {
				BUNDLE_LOADER = "$(TEST_HOST)";
				FRAMEWORK_SEARCH_PATHS = (
					"$(SDKROOT)/Developer/Library/Frameworks",
					"$(inherited)",
				);
				GCC_PREPROCESSOR_DEFINITIONS = (
					"DEBUG=1",
					"$(inherited)",
				);
				INFOPLIST_FILE = DrawRouteTests/Info.plist;
				LD_RUNPATH_SEARCH_PATHS = "$(inherited) @executable_path/Frameworks @loader_path/Frameworks";
				PRODUCT_NAME = "$(TARGET_NAME)";
				TEST_HOST = "$(BUILT_PRODUCTS_DIR)/DrawRoute.app/DrawRoute";
			};
			name = Debug;
		};
		286BDA0D1B31A214004C3634 /* Release */ = {
			isa = XCBuildConfiguration;
			buildSettings = {
				BUNDLE_LOADER = "$(TEST_HOST)";
				FRAMEWORK_SEARCH_PATHS = (
					"$(SDKROOT)/Developer/Library/Frameworks",
					"$(inherited)",
				);
				INFOPLIST_FILE = DrawRouteTests/Info.plist;
				LD_RUNPATH_SEARCH_PATHS = "$(inherited) @executable_path/Frameworks @loader_path/Frameworks";
				PRODUCT_NAME = "$(TARGET_NAME)";
				TEST_HOST = "$(BUILT_PRODUCTS_DIR)/DrawRoute.app/DrawRoute";
			};
			name = Release;
		};
/* End XCBuildConfiguration section */

/* Begin XCConfigurationList section */
		286BD9E01B31A214004C3634 /* Build configuration list for PBXProject "DrawRoute" */ = {
			isa = XCConfigurationList;
			buildConfigurations = (
				286BDA061B31A214004C3634 /* Debug */,
				286BDA071B31A214004C3634 /* Release */,
			);
			defaultConfigurationIsVisible = 0;
			defaultConfigurationName = Release;
		};
		286BDA081B31A214004C3634 /* Build configuration list for PBXNativeTarget "DrawRoute" */ = {
			isa = XCConfigurationList;
			buildConfigurations = (
				286BDA091B31A214004C3634 /* Debug */,
				286BDA0A1B31A214004C3634 /* Release */,
			);
			defaultConfigurationIsVisible = 0;
		};
		286BDA0B1B31A214004C3634 /* Build configuration list for PBXNativeTarget "DrawRouteTests" */ = {
			isa = XCConfigurationList;
			buildConfigurations = (
				286BDA0C1B31A214004C3634 /* Debug */,
				286BDA0D1B31A214004C3634 /* Release */,
			);
			defaultConfigurationIsVisible = 0;
		};
/* End XCConfigurationList section */
	};
	rootObject = 286BD9DD1B31A214004C3634 /* Project object */;
}
